// !$*UTF8*$!
{
	archiveVersion = 1;
	classes = {
	};
	objectVersion = 46;
	objects = {

/* Begin PBXBuildFile section */
		422C69BE1B2BB3E60036730B /* uexEasemobManager.m in Sources */ = {isa = PBXBuildFile; fileRef = 422C69BD1B2BB3E60036730B /* uexEasemobManager.m */; };
		4230D7C61B2B846C00BB8D7B /* EUExEasemob.h in CopyFiles */ = {isa = PBXBuildFile; fileRef = 4230D7C51B2B846C00BB8D7B /* EUExEasemob.h */; };
		4230D7C81B2B846C00BB8D7B /* EUExEasemob.m in Sources */ = {isa = PBXBuildFile; fileRef = 4230D7C71B2B846C00BB8D7B /* EUExEasemob.m */; };
		C647581B1B426900008B5540 /* libEaseMobClientSDK_arm64.a in Frameworks */ = {isa = PBXBuildFile; fileRef = C64758141B426900008B5540 /* libEaseMobClientSDK_arm64.a */; };
		C647581C1B426900008B5540 /* libEaseMobClientSDK_armv7.a in Frameworks */ = {isa = PBXBuildFile; fileRef = C64758151B426900008B5540 /* libEaseMobClientSDK_armv7.a */; };
		C647581E1B426900008B5540 /* libEaseMobClientSDK_i386.a in Frameworks */ = {isa = PBXBuildFile; fileRef = C64758171B426900008B5540 /* libEaseMobClientSDK_i386.a */; };
		C647581F1B426900008B5540 /* libEaseMobClientSDK_x86_64.a in Frameworks */ = {isa = PBXBuildFile; fileRef = C64758181B426900008B5540 /* libEaseMobClientSDK_x86_64.a */; };
		C6E0EA631B2FF5C400E179F3 /* EMAudioPlayerUtil.m in Sources */ = {isa = PBXBuildFile; fileRef = C6E0EA551B2FF5C400E179F3 /* EMAudioPlayerUtil.m */; };
		C6E0EA641B2FF5C400E179F3 /* EMAudioRecorderUtil.m in Sources */ = {isa = PBXBuildFile; fileRef = C6E0EA571B2FF5C400E179F3 /* EMAudioRecorderUtil.m */; };
		C6E0EA651B2FF5C400E179F3 /* EMCDDeviceManager+Media.m in Sources */ = {isa = PBXBuildFile; fileRef = C6E0EA591B2FF5C400E179F3 /* EMCDDeviceManager+Media.m */; };
		C6E0EA661B2FF5C400E179F3 /* EMCDDeviceManager+Microphone.m in Sources */ = {isa = PBXBuildFile; fileRef = C6E0EA5B1B2FF5C400E179F3 /* EMCDDeviceManager+Microphone.m */; };
		C6E0EA671B2FF5C400E179F3 /* EMCDDeviceManager+ProximitySensor.m in Sources */ = {isa = PBXBuildFile; fileRef = C6E0EA5D1B2FF5C400E179F3 /* EMCDDeviceManager+ProximitySensor.m */; };
		C6E0EA681B2FF5C400E179F3 /* EMCDDeviceManager+Remind.m in Sources */ = {isa = PBXBuildFile; fileRef = C6E0EA5F1B2FF5C400E179F3 /* EMCDDeviceManager+Remind.m */; };
		C6E0EA691B2FF5C400E179F3 /* EMCDDeviceManagerBase.m in Sources */ = {isa = PBXBuildFile; fileRef = C6E0EA621B2FF5C400E179F3 /* EMCDDeviceManagerBase.m */; };
		C6E0EA7A1B2FFA6B00E179F3 /* amrFileCodec.mm in Sources */ = {isa = PBXBuildFile; fileRef = C6E0EA6D1B2FFA6B00E179F3 /* amrFileCodec.mm */; };
		C6E0EA7B1B2FFA6B00E179F3 /* wav.mm in Sources */ = {isa = PBXBuildFile; fileRef = C6E0EA6F1B2FFA6B00E179F3 /* wav.mm */; };
		C6E0EA7C1B2FFA6B00E179F3 /* EMVoiceConverter.mm in Sources */ = {isa = PBXBuildFile; fileRef = C6E0EA711B2FFA6B00E179F3 /* EMVoiceConverter.mm */; };
		C6E0EA7D1B2FFA6B00E179F3 /* libopencore-amrnb.a in Frameworks */ = {isa = PBXBuildFile; fileRef = C6E0EA751B2FFA6B00E179F3 /* libopencore-amrnb.a */; };
		C6E0EA7E1B2FFA6B00E179F3 /* libopencore-amrwb.a in Frameworks */ = {isa = PBXBuildFile; fileRef = C6E0EA791B2FFA6B00E179F3 /* libopencore-amrwb.a */; };
/* End PBXBuildFile section */

/* Begin PBXCopyFilesBuildPhase section */
		4230D7C01B2B846C00BB8D7B /* CopyFiles */ = {
			isa = PBXCopyFilesBuildPhase;
			buildActionMask = 2147483647;
			dstPath = "include/$(PRODUCT_NAME)";
			dstSubfolderSpec = 16;
			files = (
				4230D7C61B2B846C00BB8D7B /* EUExEasemob.h in CopyFiles */,
			);
			runOnlyForDeploymentPostprocessing = 0;
		};
/* End PBXCopyFilesBuildPhase section */

/* Begin PBXFileReference section */
		422C69371B2BB29C0036730B /* EUExBase.h */ = {isa = PBXFileReference; fileEncoding = 4; lastKnownFileType = sourcecode.c.h; path = EUExBase.h; sourceTree = "<group>"; };
		422C69381B2BB29C0036730B /* EUExBaseDefine.h */ = {isa = PBXFileReference; fileEncoding = 4; lastKnownFileType = sourcecode.c.h; path = EUExBaseDefine.h; sourceTree = "<group>"; };
		422C69391B2BB29C0036730B /* EUtility.h */ = {isa = PBXFileReference; fileEncoding = 4; lastKnownFileType = sourcecode.c.h; path = EUtility.h; sourceTree = "<group>"; };
		422C693A1B2BB29C0036730B /* WidgetOneDelegate.h */ = {isa = PBXFileReference; fileEncoding = 4; lastKnownFileType = sourcecode.c.h; path = WidgetOneDelegate.h; sourceTree = "<group>"; };
		422C69AD1B2BB29C0036730B /* JSON.h */ = {isa = PBXFileReference; fileEncoding = 4; lastKnownFileType = sourcecode.c.h; path = JSON.h; sourceTree = "<group>"; };
		422C69AE1B2BB29C0036730B /* JSONParser.h */ = {isa = PBXFileReference; fileEncoding = 4; lastKnownFileType = sourcecode.c.h; path = JSONParser.h; sourceTree = "<group>"; };
		422C69AF1B2BB29C0036730B /* NSObject+SBJSON.h */ = {isa = PBXFileReference; fileEncoding = 4; lastKnownFileType = sourcecode.c.h; path = "NSObject+SBJSON.h"; sourceTree = "<group>"; };
		422C69B01B2BB29C0036730B /* NSString+SBJSON.h */ = {isa = PBXFileReference; fileEncoding = 4; lastKnownFileType = sourcecode.c.h; path = "NSString+SBJSON.h"; sourceTree = "<group>"; };
		422C69B11B2BB29C0036730B /* SBJSON.h */ = {isa = PBXFileReference; fileEncoding = 4; lastKnownFileType = sourcecode.c.h; path = SBJSON.h; sourceTree = "<group>"; };
		422C69B21B2BB29C0036730B /* SBJsonBase.h */ = {isa = PBXFileReference; fileEncoding = 4; lastKnownFileType = sourcecode.c.h; path = SBJsonBase.h; sourceTree = "<group>"; };
		422C69B31B2BB29C0036730B /* SBJsonParser.h */ = {isa = PBXFileReference; fileEncoding = 4; lastKnownFileType = sourcecode.c.h; path = SBJsonParser.h; sourceTree = "<group>"; };
		422C69B41B2BB29C0036730B /* SBJsonWriter.h */ = {isa = PBXFileReference; fileEncoding = 4; lastKnownFileType = sourcecode.c.h; path = SBJsonWriter.h; sourceTree = "<group>"; };
		422C69BC1B2BB3E60036730B /* uexEasemobManager.h */ = {isa = PBXFileReference; fileEncoding = 4; lastKnownFileType = sourcecode.c.h; path = uexEasemobManager.h; sourceTree = "<group>"; };
		422C69BD1B2BB3E60036730B /* uexEasemobManager.m */ = {isa = PBXFileReference; fileEncoding = 4; lastKnownFileType = sourcecode.c.objc; path = uexEasemobManager.m; sourceTree = "<group>"; };
		422C69BF1B2BB4390036730B /* EUExEasemob_PrefixHeader.pch */ = {isa = PBXFileReference; fileEncoding = 4; lastKnownFileType = sourcecode.c.h; path = EUExEasemob_PrefixHeader.pch; sourceTree = "<group>"; };
		4230D7C21B2B846C00BB8D7B /* libuexEasemob.a */ = {isa = PBXFileReference; explicitFileType = archive.ar; includeInIndex = 0; path = libuexEasemob.a; sourceTree = BUILT_PRODUCTS_DIR; };
		4230D7C51B2B846C00BB8D7B /* EUExEasemob.h */ = {isa = PBXFileReference; lastKnownFileType = sourcecode.c.h; path = EUExEasemob.h; sourceTree = "<group>"; };
		4230D7C71B2B846C00BB8D7B /* EUExEasemob.m */ = {isa = PBXFileReference; lastKnownFileType = sourcecode.c.objc; path = EUExEasemob.m; sourceTree = "<group>"; };
		C64757B11B426900008B5540 /* EMCallManagerCallDelegate.h */ = {isa = PBXFileReference; fileEncoding = 4; lastKnownFileType = sourcecode.c.h; path = EMCallManagerCallDelegate.h; sourceTree = "<group>"; };
		C64757B21B426900008B5540 /* EMCallManagerDelegate.h */ = {isa = PBXFileReference; fileEncoding = 4; lastKnownFileType = sourcecode.c.h; path = EMCallManagerDelegate.h; sourceTree = "<group>"; };
		C64757B31B426900008B5540 /* EaseMob+CallService.h */ = {isa = PBXFileReference; fileEncoding = 4; lastKnownFileType = sourcecode.c.h; path = "EaseMob+CallService.h"; sourceTree = "<group>"; };
		C64757B41B426900008B5540 /* EMCallServiceDefs.h */ = {isa = PBXFileReference; fileEncoding = 4; lastKnownFileType = sourcecode.c.h; path = EMCallServiceDefs.h; sourceTree = "<group>"; };
		C64757B51B426900008B5540 /* ICallManager.h */ = {isa = PBXFileReference; fileEncoding = 4; lastKnownFileType = sourcecode.c.h; path = ICallManager.h; sourceTree = "<group>"; };
		C64757B71B426900008B5540 /* ICallManagerBase.h */ = {isa = PBXFileReference; fileEncoding = 4; lastKnownFileType = sourcecode.c.h; path = ICallManagerBase.h; sourceTree = "<group>"; };
		C64757B81B426900008B5540 /* ICallManagerCall.h */ = {isa = PBXFileReference; fileEncoding = 4; lastKnownFileType = sourcecode.c.h; path = ICallManagerCall.h; sourceTree = "<group>"; };
		C64757BA1B426900008B5540 /* EMCallSession.h */ = {isa = PBXFileReference; fileEncoding = 4; lastKnownFileType = sourcecode.c.h; path = EMCallSession.h; sourceTree = "<group>"; };
		C64757BB1B426900008B5540 /* IOpenGLView.h */ = {isa = PBXFileReference; fileEncoding = 4; lastKnownFileType = sourcecode.c.h; path = IOpenGLView.h; sourceTree = "<group>"; };
		C64757BC1B426900008B5540 /* OpenGLView20.h */ = {isa = PBXFileReference; fileEncoding = 4; lastKnownFileType = sourcecode.c.h; path = OpenGLView20.h; sourceTree = "<group>"; };
		C64757C01B426900008B5540 /* IChatManagerDelegate.h */ = {isa = PBXFileReference; fileEncoding = 4; lastKnownFileType = sourcecode.c.h; path = IChatManagerDelegate.h; sourceTree = "<group>"; };
		C64757C21B426900008B5540 /* EMChatManagerBuddyDelegate.h */ = {isa = PBXFileReference; fileEncoding = 4; lastKnownFileType = sourcecode.c.h; path = EMChatManagerBuddyDelegate.h; sourceTree = "<group>"; };
		C64757C31B426900008B5540 /* EMChatManagerChatDelegate.h */ = {isa = PBXFileReference; fileEncoding = 4; lastKnownFileType = sourcecode.c.h; path = EMChatManagerChatDelegate.h; sourceTree = "<group>"; };
		C64757C41B426900008B5540 /* EMChatManagerChatroomDelegate.h */ = {isa = PBXFileReference; fileEncoding = 4; lastKnownFileType = sourcecode.c.h; path = EMChatManagerChatroomDelegate.h; sourceTree = "<group>"; };
		C64757C51B426900008B5540 /* EMChatManagerDelegate.h */ = {isa = PBXFileReference; fileEncoding = 4; lastKnownFileType = sourcecode.c.h; path = EMChatManagerDelegate.h; sourceTree = "<group>"; };
		C64757C61B426900008B5540 /* EMChatManagerDelegateBase.h */ = {isa = PBXFileReference; fileEncoding = 4; lastKnownFileType = sourcecode.c.h; path = EMChatManagerDelegateBase.h; sourceTree = "<group>"; };
		C64757C71B426900008B5540 /* EMChatManagerEncryptionDelegate.h */ = {isa = PBXFileReference; fileEncoding = 4; lastKnownFileType = sourcecode.c.h; path = EMChatManagerEncryptionDelegate.h; sourceTree = "<group>"; };
		C64757C81B426900008B5540 /* EMChatManagerGroupDelegate.h */ = {isa = PBXFileReference; fileEncoding = 4; lastKnownFileType = sourcecode.c.h; path = EMChatManagerGroupDelegate.h; sourceTree = "<group>"; };
		C64757C91B426900008B5540 /* EMChatManagerLoginDelegate.h */ = {isa = PBXFileReference; fileEncoding = 4; lastKnownFileType = sourcecode.c.h; path = EMChatManagerLoginDelegate.h; sourceTree = "<group>"; };
		C64757CA1B426900008B5540 /* EMChatManagerPushNotificationDelegate.h */ = {isa = PBXFileReference; fileEncoding = 4; lastKnownFileType = sourcecode.c.h; path = EMChatManagerPushNotificationDelegate.h; sourceTree = "<group>"; };
		C64757CB1B426900008B5540 /* EMChatManagerUtilDelegate.h */ = {isa = PBXFileReference; fileEncoding = 4; lastKnownFileType = sourcecode.c.h; path = EMChatManagerUtilDelegate.h; sourceTree = "<group>"; };
		C64757CC1B426900008B5540 /* EMChatManagerDefs.h */ = {isa = PBXFileReference; fileEncoding = 4; lastKnownFileType = sourcecode.c.h; path = EMChatManagerDefs.h; sourceTree = "<group>"; };
		C64757CD1B426900008B5540 /* EMGroupManagerDefs.h */ = {isa = PBXFileReference; fileEncoding = 4; lastKnownFileType = sourcecode.c.h; path = EMGroupManagerDefs.h; sourceTree = "<group>"; };
		C64757CE1B426900008B5540 /* EMPushManagerDefs.h */ = {isa = PBXFileReference; fileEncoding = 4; lastKnownFileType = sourcecode.c.h; path = EMPushManagerDefs.h; sourceTree = "<group>"; };
		C64757CF1B426900008B5540 /* IChatManager.h */ = {isa = PBXFileReference; fileEncoding = 4; lastKnownFileType = sourcecode.c.h; path = IChatManager.h; sourceTree = "<group>"; };
		C64757D11B426900008B5540 /* IChatManagerBase.h */ = {isa = PBXFileReference; fileEncoding = 4; lastKnownFileType = sourcecode.c.h; path = IChatManagerBase.h; sourceTree = "<group>"; };
		C64757D21B426900008B5540 /* IChatManagerBuddy.h */ = {isa = PBXFileReference; fileEncoding = 4; lastKnownFileType = sourcecode.c.h; path = IChatManagerBuddy.h; sourceTree = "<group>"; };
		C64757D31B426900008B5540 /* IChatManagerChat.h */ = {isa = PBXFileReference; fileEncoding = 4; lastKnownFileType = sourcecode.c.h; path = IChatManagerChat.h; sourceTree = "<group>"; };
		C64757D41B426900008B5540 /* IChatManagerChatroom.h */ = {isa = PBXFileReference; fileEncoding = 4; lastKnownFileType = sourcecode.c.h; path = IChatManagerChatroom.h; sourceTree = "<group>"; };
		C64757D51B426900008B5540 /* IChatManagerConversation.h */ = {isa = PBXFileReference; fileEncoding = 4; lastKnownFileType = sourcecode.c.h; path = IChatManagerConversation.h; sourceTree = "<group>"; };
		C64757D61B426900008B5540 /* IChatManagerEncryption.h */ = {isa = PBXFileReference; fileEncoding = 4; lastKnownFileType = sourcecode.c.h; path = IChatManagerEncryption.h; sourceTree = "<group>"; };
		C64757D71B426900008B5540 /* IChatManagerGroup.h */ = {isa = PBXFileReference; fileEncoding = 4; lastKnownFileType = sourcecode.c.h; path = IChatManagerGroup.h; sourceTree = "<group>"; };
		C64757D81B426900008B5540 /* IChatManagerLogin.h */ = {isa = PBXFileReference; fileEncoding = 4; lastKnownFileType = sourcecode.c.h; path = IChatManagerLogin.h; sourceTree = "<group>"; };
		C64757D91B426900008B5540 /* IChatManagerPushNotification.h */ = {isa = PBXFileReference; fileEncoding = 4; lastKnownFileType = sourcecode.c.h; path = IChatManagerPushNotification.h; sourceTree = "<group>"; };
		C64757DA1B426900008B5540 /* IChatManagerSettingOptions.h */ = {isa = PBXFileReference; fileEncoding = 4; lastKnownFileType = sourcecode.c.h; path = IChatManagerSettingOptions.h; sourceTree = "<group>"; };
		C64757DB1B426900008B5540 /* IChatManagerUtil.h */ = {isa = PBXFileReference; fileEncoding = 4; lastKnownFileType = sourcecode.c.h; path = IChatManagerUtil.h; sourceTree = "<group>"; };
		C64757DD1B426900008B5540 /* EMBuddy.h */ = {isa = PBXFileReference; fileEncoding = 4; lastKnownFileType = sourcecode.c.h; path = EMBuddy.h; sourceTree = "<group>"; };
		C64757DE1B426900008B5540 /* EMChatCommand.h */ = {isa = PBXFileReference; fileEncoding = 4; lastKnownFileType = sourcecode.c.h; path = EMChatCommand.h; sourceTree = "<group>"; };
		C64757DF1B426900008B5540 /* EMChatFile.h */ = {isa = PBXFileReference; fileEncoding = 4; lastKnownFileType = sourcecode.c.h; path = EMChatFile.h; sourceTree = "<group>"; };
		C64757E01B426900008B5540 /* EMChatImage.h */ = {isa = PBXFileReference; fileEncoding = 4; lastKnownFileType = sourcecode.c.h; path = EMChatImage.h; sourceTree = "<group>"; };
		C64757E11B426900008B5540 /* EMChatLocation.h */ = {isa = PBXFileReference; fileEncoding = 4; lastKnownFileType = sourcecode.c.h; path = EMChatLocation.h; sourceTree = "<group>"; };
		C64757E21B426900008B5540 /* EMChatroom.h */ = {isa = PBXFileReference; fileEncoding = 4; lastKnownFileType = sourcecode.c.h; path = EMChatroom.h; sourceTree = "<group>"; };
		C64757E31B426900008B5540 /* EMChatText.h */ = {isa = PBXFileReference; fileEncoding = 4; lastKnownFileType = sourcecode.c.h; path = EMChatText.h; sourceTree = "<group>"; };
		C64757E41B426900008B5540 /* EMChatVideo.h */ = {isa = PBXFileReference; fileEncoding = 4; lastKnownFileType = sourcecode.c.h; path = EMChatVideo.h; sourceTree = "<group>"; };
		C64757E51B426900008B5540 /* EMChatVoice.h */ = {isa = PBXFileReference; fileEncoding = 4; lastKnownFileType = sourcecode.c.h; path = EMChatVoice.h; sourceTree = "<group>"; };
		C64757E61B426900008B5540 /* EMCommandMessageBody.h */ = {isa = PBXFileReference; fileEncoding = 4; lastKnownFileType = sourcecode.c.h; path = EMCommandMessageBody.h; sourceTree = "<group>"; };
		C64757E71B426900008B5540 /* EMConversation.h */ = {isa = PBXFileReference; fileEncoding = 4; lastKnownFileType = sourcecode.c.h; path = EMConversation.h; sourceTree = "<group>"; };
		C64757E81B426900008B5540 /* EMCursorResult.h */ = {isa = PBXFileReference; fileEncoding = 4; lastKnownFileType = sourcecode.c.h; path = EMCursorResult.h; sourceTree = "<group>"; };
		C64757E91B426900008B5540 /* EMFileMessageBody.h */ = {isa = PBXFileReference; fileEncoding = 4; lastKnownFileType = sourcecode.c.h; path = EMFileMessageBody.h; sourceTree = "<group>"; };
		C64757EA1B426900008B5540 /* EMGroup.h */ = {isa = PBXFileReference; fileEncoding = 4; lastKnownFileType = sourcecode.c.h; path = EMGroup.h; sourceTree = "<group>"; };
		C64757EB1B426900008B5540 /* EMGroupStyleSetting.h */ = {isa = PBXFileReference; fileEncoding = 4; lastKnownFileType = sourcecode.c.h; path = EMGroupStyleSetting.h; sourceTree = "<group>"; };
		C64757EC1B426900008B5540 /* EMImageMessageBody.h */ = {isa = PBXFileReference; fileEncoding = 4; lastKnownFileType = sourcecode.c.h; path = EMImageMessageBody.h; sourceTree = "<group>"; };
		C64757ED1B426900008B5540 /* EMLocationMessageBody.h */ = {isa = PBXFileReference; fileEncoding = 4; lastKnownFileType = sourcecode.c.h; path = EMLocationMessageBody.h; sourceTree = "<group>"; };
		C64757EE1B426900008B5540 /* EMMessage.h */ = {isa = PBXFileReference; fileEncoding = 4; lastKnownFileType = sourcecode.c.h; path = EMMessage.h; sourceTree = "<group>"; };
		C64757EF1B426900008B5540 /* EMPushNotificationOptions.h */ = {isa = PBXFileReference; fileEncoding = 4; lastKnownFileType = sourcecode.c.h; path = EMPushNotificationOptions.h; sourceTree = "<group>"; };
		C64757F01B426900008B5540 /* EMReceipt.h */ = {isa = PBXFileReference; fileEncoding = 4; lastKnownFileType = sourcecode.c.h; path = EMReceipt.h; sourceTree = "<group>"; };
		C64757F11B426900008B5540 /* EMReceiptBase.h */ = {isa = PBXFileReference; fileEncoding = 4; lastKnownFileType = sourcecode.c.h; path = EMReceiptBase.h; sourceTree = "<group>"; };
		C64757F21B426900008B5540 /* EMTextMessageBody.h */ = {isa = PBXFileReference; fileEncoding = 4; lastKnownFileType = sourcecode.c.h; path = EMTextMessageBody.h; sourceTree = "<group>"; };
		C64757F31B426900008B5540 /* EMVideoMessageBody.h */ = {isa = PBXFileReference; fileEncoding = 4; lastKnownFileType = sourcecode.c.h; path = EMVideoMessageBody.h; sourceTree = "<group>"; };
		C64757F41B426900008B5540 /* EMVoiceMessageBody.h */ = {isa = PBXFileReference; fileEncoding = 4; lastKnownFileType = sourcecode.c.h; path = EMVoiceMessageBody.h; sourceTree = "<group>"; };
		C64757F51B426900008B5540 /* IChatImageOptions.h */ = {isa = PBXFileReference; fileEncoding = 4; lastKnownFileType = sourcecode.c.h; path = IChatImageOptions.h; sourceTree = "<group>"; };
		C64757F61B426900008B5540 /* IEMChatCryptor.h */ = {isa = PBXFileReference; fileEncoding = 4; lastKnownFileType = sourcecode.c.h; path = IEMChatCryptor.h; sourceTree = "<group>"; };
		C64757F71B426900008B5540 /* IEMChatFile.h */ = {isa = PBXFileReference; fileEncoding = 4; lastKnownFileType = sourcecode.c.h; path = IEMChatFile.h; sourceTree = "<group>"; };
		C64757F81B426900008B5540 /* IEMChatObject.h */ = {isa = PBXFileReference; fileEncoding = 4; lastKnownFileType = sourcecode.c.h; path = IEMChatObject.h; sourceTree = "<group>"; };
		C64757F91B426900008B5540 /* IEMChatProgressDelegate.h */ = {isa = PBXFileReference; fileEncoding = 4; lastKnownFileType = sourcecode.c.h; path = IEMChatProgressDelegate.h; sourceTree = "<group>"; };
		C64757FA1B426900008B5540 /* IEMFileMessageBody.h */ = {isa = PBXFileReference; fileEncoding = 4; lastKnownFileType = sourcecode.c.h; path = IEMFileMessageBody.h; sourceTree = "<group>"; };
		C64757FB1B426900008B5540 /* IEMMessageBody.h */ = {isa = PBXFileReference; fileEncoding = 4; lastKnownFileType = sourcecode.c.h; path = IEMMessageBody.h; sourceTree = "<group>"; };
		C64757FD1B426900008B5540 /* EaseMob.h */ = {isa = PBXFileReference; fileEncoding = 4; lastKnownFileType = sourcecode.c.h; path = EaseMob.h; sourceTree = "<group>"; };
		C64757FE1B426900008B5540 /* EaseMobHeaders.h */ = {isa = PBXFileReference; fileEncoding = 4; lastKnownFileType = sourcecode.c.h; path = EaseMobHeaders.h; sourceTree = "<group>"; };
		C64758001B426900008B5540 /* EaseMob.h */ = {isa = PBXFileReference; fileEncoding = 4; lastKnownFileType = sourcecode.c.h; path = EaseMob.h; sourceTree = "<group>"; };
		C64758011B426900008B5540 /* EaseMobHeaders.h */ = {isa = PBXFileReference; fileEncoding = 4; lastKnownFileType = sourcecode.c.h; path = EaseMobHeaders.h; sourceTree = "<group>"; };
		C64758031B426900008B5540 /* commonDefs.h */ = {isa = PBXFileReference; fileEncoding = 4; lastKnownFileType = sourcecode.c.h; path = commonDefs.h; sourceTree = "<group>"; };
		C64758061B426900008B5540 /* IDeviceManagerDelegate.h */ = {isa = PBXFileReference; fileEncoding = 4; lastKnownFileType = sourcecode.c.h; path = IDeviceManagerDelegate.h; sourceTree = "<group>"; };
		C64758081B426900008B5540 /* EMDeviceManagerDelegate.h */ = {isa = PBXFileReference; fileEncoding = 4; lastKnownFileType = sourcecode.c.h; path = EMDeviceManagerDelegate.h; sourceTree = "<group>"; };
		C64758091B426900008B5540 /* EMDeviceManagerDelegateBase.h */ = {isa = PBXFileReference; fileEncoding = 4; lastKnownFileType = sourcecode.c.h; path = EMDeviceManagerDelegateBase.h; sourceTree = "<group>"; };
		C647580A1B426900008B5540 /* EMDeviceManagerNetworkDelegate.h */ = {isa = PBXFileReference; fileEncoding = 4; lastKnownFileType = sourcecode.c.h; path = EMDeviceManagerNetworkDelegate.h; sourceTree = "<group>"; };
		C647580B1B426900008B5540 /* EMDeviceManagerDefs.h */ = {isa = PBXFileReference; fileEncoding = 4; lastKnownFileType = sourcecode.c.h; path = EMDeviceManagerDefs.h; sourceTree = "<group>"; };
		C647580C1B426900008B5540 /* IDeviceManager.h */ = {isa = PBXFileReference; fileEncoding = 4; lastKnownFileType = sourcecode.c.h; path = IDeviceManager.h; sourceTree = "<group>"; };
		C647580E1B426900008B5540 /* IDeviceManagerBase.h */ = {isa = PBXFileReference; fileEncoding = 4; lastKnownFileType = sourcecode.c.h; path = IDeviceManagerBase.h; sourceTree = "<group>"; };
		C647580F1B426900008B5540 /* EMNetworkMonitorDefs.h */ = {isa = PBXFileReference; fileEncoding = 4; lastKnownFileType = sourcecode.c.h; path = EMNetworkMonitorDefs.h; sourceTree = "<group>"; };
		C64758111B426900008B5540 /* EMError.h */ = {isa = PBXFileReference; fileEncoding = 4; lastKnownFileType = sourcecode.c.h; path = EMError.h; sourceTree = "<group>"; };
		C64758121B426900008B5540 /* EMErrorDefs.h */ = {isa = PBXFileReference; fileEncoding = 4; lastKnownFileType = sourcecode.c.h; path = EMErrorDefs.h; sourceTree = "<group>"; };
		C64758141B426900008B5540 /* libEaseMobClientSDK_arm64.a */ = {isa = PBXFileReference; lastKnownFileType = archive.ar; path = libEaseMobClientSDK_arm64.a; sourceTree = "<group>"; };
		C64758151B426900008B5540 /* libEaseMobClientSDK_armv7.a */ = {isa = PBXFileReference; lastKnownFileType = archive.ar; path = libEaseMobClientSDK_armv7.a; sourceTree = "<group>"; };
		C64758171B426900008B5540 /* libEaseMobClientSDK_i386.a */ = {isa = PBXFileReference; lastKnownFileType = archive.ar; path = libEaseMobClientSDK_i386.a; sourceTree = "<group>"; };
		C64758181B426900008B5540 /* libEaseMobClientSDK_x86_64.a */ = {isa = PBXFileReference; lastKnownFileType = archive.ar; path = libEaseMobClientSDK_x86_64.a; sourceTree = "<group>"; };
		C647581A1B426900008B5540 /* EaseMob.bundle */ = {isa = PBXFileReference; lastKnownFileType = "wrapper.plug-in"; path = EaseMob.bundle; sourceTree = "<group>"; };
		C6E0EA511B2FF5C400E179F3 /* EMCDDeviceManagerDelegate.h */ = {isa = PBXFileReference; fileEncoding = 4; lastKnownFileType = sourcecode.c.h; path = EMCDDeviceManagerDelegate.h; sourceTree = "<group>"; };
		C6E0EA521B2FF5C400E179F3 /* EMCDDeviceManagerProximitySensorDelegate.h */ = {isa = PBXFileReference; fileEncoding = 4; lastKnownFileType = sourcecode.c.h; path = EMCDDeviceManagerProximitySensorDelegate.h; sourceTree = "<group>"; };
		C6E0EA541B2FF5C400E179F3 /* EMAudioPlayerUtil.h */ = {isa = PBXFileReference; fileEncoding = 4; lastKnownFileType = sourcecode.c.h; path = EMAudioPlayerUtil.h; sourceTree = "<group>"; };
		C6E0EA551B2FF5C400E179F3 /* EMAudioPlayerUtil.m */ = {isa = PBXFileReference; fileEncoding = 4; lastKnownFileType = sourcecode.c.objc; path = EMAudioPlayerUtil.m; sourceTree = "<group>"; };
		C6E0EA561B2FF5C400E179F3 /* EMAudioRecorderUtil.h */ = {isa = PBXFileReference; fileEncoding = 4; lastKnownFileType = sourcecode.c.h; path = EMAudioRecorderUtil.h; sourceTree = "<group>"; };
		C6E0EA571B2FF5C400E179F3 /* EMAudioRecorderUtil.m */ = {isa = PBXFileReference; fileEncoding = 4; lastKnownFileType = sourcecode.c.objc; path = EMAudioRecorderUtil.m; sourceTree = "<group>"; };
		C6E0EA581B2FF5C400E179F3 /* EMCDDeviceManager+Media.h */ = {isa = PBXFileReference; fileEncoding = 4; lastKnownFileType = sourcecode.c.h; path = "EMCDDeviceManager+Media.h"; sourceTree = "<group>"; };
		C6E0EA591B2FF5C400E179F3 /* EMCDDeviceManager+Media.m */ = {isa = PBXFileReference; fileEncoding = 4; lastKnownFileType = sourcecode.c.objc; path = "EMCDDeviceManager+Media.m"; sourceTree = "<group>"; };
		C6E0EA5A1B2FF5C400E179F3 /* EMCDDeviceManager+Microphone.h */ = {isa = PBXFileReference; fileEncoding = 4; lastKnownFileType = sourcecode.c.h; path = "EMCDDeviceManager+Microphone.h"; sourceTree = "<group>"; };
		C6E0EA5B1B2FF5C400E179F3 /* EMCDDeviceManager+Microphone.m */ = {isa = PBXFileReference; fileEncoding = 4; lastKnownFileType = sourcecode.c.objc; path = "EMCDDeviceManager+Microphone.m"; sourceTree = "<group>"; };
		C6E0EA5C1B2FF5C400E179F3 /* EMCDDeviceManager+ProximitySensor.h */ = {isa = PBXFileReference; fileEncoding = 4; lastKnownFileType = sourcecode.c.h; path = "EMCDDeviceManager+ProximitySensor.h"; sourceTree = "<group>"; };
		C6E0EA5D1B2FF5C400E179F3 /* EMCDDeviceManager+ProximitySensor.m */ = {isa = PBXFileReference; fileEncoding = 4; lastKnownFileType = sourcecode.c.objc; path = "EMCDDeviceManager+ProximitySensor.m"; sourceTree = "<group>"; };
		C6E0EA5E1B2FF5C400E179F3 /* EMCDDeviceManager+Remind.h */ = {isa = PBXFileReference; fileEncoding = 4; lastKnownFileType = sourcecode.c.h; path = "EMCDDeviceManager+Remind.h"; sourceTree = "<group>"; };
		C6E0EA5F1B2FF5C400E179F3 /* EMCDDeviceManager+Remind.m */ = {isa = PBXFileReference; fileEncoding = 4; lastKnownFileType = sourcecode.c.objc; path = "EMCDDeviceManager+Remind.m"; sourceTree = "<group>"; };
		C6E0EA601B2FF5C400E179F3 /* EMCDDeviceManager.h */ = {isa = PBXFileReference; fileEncoding = 4; lastKnownFileType = sourcecode.c.h; path = EMCDDeviceManager.h; sourceTree = "<group>"; };
		C6E0EA611B2FF5C400E179F3 /* EMCDDeviceManagerBase.h */ = {isa = PBXFileReference; fileEncoding = 4; lastKnownFileType = sourcecode.c.h; path = EMCDDeviceManagerBase.h; sourceTree = "<group>"; };
		C6E0EA621B2FF5C400E179F3 /* EMCDDeviceManagerBase.m */ = {isa = PBXFileReference; fileEncoding = 4; lastKnownFileType = sourcecode.c.objc; path = EMCDDeviceManagerBase.m; sourceTree = "<group>"; };
		C6E0EA6C1B2FFA6B00E179F3 /* amrFileCodec.h */ = {isa = PBXFileReference; fileEncoding = 4; lastKnownFileType = sourcecode.c.h; path = amrFileCodec.h; sourceTree = "<group>"; };
		C6E0EA6D1B2FFA6B00E179F3 /* amrFileCodec.mm */ = {isa = PBXFileReference; fileEncoding = 4; lastKnownFileType = sourcecode.cpp.objcpp; path = amrFileCodec.mm; sourceTree = "<group>"; };
		C6E0EA6E1B2FFA6B00E179F3 /* wav.h */ = {isa = PBXFileReference; fileEncoding = 4; lastKnownFileType = sourcecode.c.h; path = wav.h; sourceTree = "<group>"; };
		C6E0EA6F1B2FFA6B00E179F3 /* wav.mm */ = {isa = PBXFileReference; fileEncoding = 4; lastKnownFileType = sourcecode.cpp.objcpp; path = wav.mm; sourceTree = "<group>"; };
		C6E0EA701B2FFA6B00E179F3 /* EMVoiceConverter.h */ = {isa = PBXFileReference; fileEncoding = 4; lastKnownFileType = sourcecode.c.h; path = EMVoiceConverter.h; sourceTree = "<group>"; };
		C6E0EA711B2FFA6B00E179F3 /* EMVoiceConverter.mm */ = {isa = PBXFileReference; fileEncoding = 4; lastKnownFileType = sourcecode.cpp.objcpp; path = EMVoiceConverter.mm; sourceTree = "<group>"; };
		C6E0EA731B2FFA6B00E179F3 /* interf_dec.h */ = {isa = PBXFileReference; fileEncoding = 4; lastKnownFileType = sourcecode.c.h; path = interf_dec.h; sourceTree = "<group>"; };
		C6E0EA741B2FFA6B00E179F3 /* interf_enc.h */ = {isa = PBXFileReference; fileEncoding = 4; lastKnownFileType = sourcecode.c.h; path = interf_enc.h; sourceTree = "<group>"; };
		C6E0EA751B2FFA6B00E179F3 /* libopencore-amrnb.a */ = {isa = PBXFileReference; lastKnownFileType = archive.ar; path = "libopencore-amrnb.a"; sourceTree = "<group>"; };
		C6E0EA771B2FFA6B00E179F3 /* dec_if.h */ = {isa = PBXFileReference; fileEncoding = 4; lastKnownFileType = sourcecode.c.h; path = dec_if.h; sourceTree = "<group>"; };
		C6E0EA781B2FFA6B00E179F3 /* if_rom.h */ = {isa = PBXFileReference; fileEncoding = 4; lastKnownFileType = sourcecode.c.h; path = if_rom.h; sourceTree = "<group>"; };
		C6E0EA791B2FFA6B00E179F3 /* libopencore-amrwb.a */ = {isa = PBXFileReference; lastKnownFileType = archive.ar; path = "libopencore-amrwb.a"; sourceTree = "<group>"; };
/* End PBXFileReference section */

/* Begin PBXFrameworksBuildPhase section */
		4230D7BF1B2B846C00BB8D7B /* Frameworks */ = {
			isa = PBXFrameworksBuildPhase;
			buildActionMask = 2147483647;
			files = (
				C647581F1B426900008B5540 /* libEaseMobClientSDK_x86_64.a in Frameworks */,
				C647581B1B426900008B5540 /* libEaseMobClientSDK_arm64.a in Frameworks */,
				C6E0EA7D1B2FFA6B00E179F3 /* libopencore-amrnb.a in Frameworks */,
				C647581E1B426900008B5540 /* libEaseMobClientSDK_i386.a in Frameworks */,
				C647581C1B426900008B5540 /* libEaseMobClientSDK_armv7.a in Frameworks */,
				C6E0EA7E1B2FFA6B00E179F3 /* libopencore-amrwb.a in Frameworks */,
			);
			runOnlyForDeploymentPostprocessing = 0;
		};
/* End PBXFrameworksBuildPhase section */

/* Begin PBXGroup section */
		422C69361B2BB29C0036730B /* engineHeader */ = {
			isa = PBXGroup;
			children = (
				422C69371B2BB29C0036730B /* EUExBase.h */,
				422C69381B2BB29C0036730B /* EUExBaseDefine.h */,
				422C69391B2BB29C0036730B /* EUtility.h */,
				422C693A1B2BB29C0036730B /* WidgetOneDelegate.h */,
			);
			path = engineHeader;
			sourceTree = "<group>";
		};
		422C693B1B2BB29C0036730B /* sourceCode */ = {
			isa = PBXGroup;
			children = (
				C64757AC1B426900008B5540 /* EaseMobSDK */,
				C6E0EA4F1B2FF5C400E179F3 /* DeviceUtil */,
				422C69BF1B2BB4390036730B /* EUExEasemob_PrefixHeader.pch */,
				422C69AC1B2BB29C0036730B /* JSON */,
				422C69BC1B2BB3E60036730B /* uexEasemobManager.h */,
				422C69BD1B2BB3E60036730B /* uexEasemobManager.m */,
			);
			path = sourceCode;
			sourceTree = "<group>";
		};
		422C69AC1B2BB29C0036730B /* JSON */ = {
			isa = PBXGroup;
			children = (
				422C69AD1B2BB29C0036730B /* JSON.h */,
				422C69AE1B2BB29C0036730B /* JSONParser.h */,
				422C69AF1B2BB29C0036730B /* NSObject+SBJSON.h */,
				422C69B01B2BB29C0036730B /* NSString+SBJSON.h */,
				422C69B11B2BB29C0036730B /* SBJSON.h */,
				422C69B21B2BB29C0036730B /* SBJsonBase.h */,
				422C69B31B2BB29C0036730B /* SBJsonParser.h */,
				422C69B41B2BB29C0036730B /* SBJsonWriter.h */,
			);
			path = JSON;
			sourceTree = "<group>";
		};
		4230D7B91B2B846C00BB8D7B = {
			isa = PBXGroup;
			children = (
				4230D7C41B2B846C00BB8D7B /* EUExEasemob */,
				4230D7C31B2B846C00BB8D7B /* Products */,
			);
			sourceTree = "<group>";
		};
		4230D7C31B2B846C00BB8D7B /* Products */ = {
			isa = PBXGroup;
			children = (
				4230D7C21B2B846C00BB8D7B /* libuexEasemob.a */,
			);
			name = Products;
			sourceTree = "<group>";
		};
		4230D7C41B2B846C00BB8D7B /* EUExEasemob */ = {
			isa = PBXGroup;
			children = (
				422C69361B2BB29C0036730B /* engineHeader */,
				422C693B1B2BB29C0036730B /* sourceCode */,
				4230D7C51B2B846C00BB8D7B /* EUExEasemob.h */,
				4230D7C71B2B846C00BB8D7B /* EUExEasemob.m */,
			);
			path = EUExEasemob;
			sourceTree = "<group>";
		};
		C64757AC1B426900008B5540 /* EaseMobSDK */ = {
			isa = PBXGroup;
			children = (
				C64757AD1B426900008B5540 /* include */,
				C64758131B426900008B5540 /* lib */,
				C64758191B426900008B5540 /* resources */,
			);
			path = EaseMobSDK;
			sourceTree = "<group>";
		};
		C64757AD1B426900008B5540 /* include */ = {
			isa = PBXGroup;
			children = (
				C64757AE1B426900008B5540 /* CallService */,
				C64757BD1B426900008B5540 /* ChatService */,
				C64757FC1B426900008B5540 /* EaseMobClientSDK */,
				C64757FF1B426900008B5540 /* EaseMobClientSDKLite */,
				C64758021B426900008B5540 /* Utility */,
			);
			path = include;
			sourceTree = "<group>";
		};
		C64757AE1B426900008B5540 /* CallService */ = {
			isa = PBXGroup;
			children = (
				C64757AF1B426900008B5540 /* EMCallManager */,
			);
			path = CallService;
			sourceTree = "<group>";
		};
		C64757AF1B426900008B5540 /* EMCallManager */ = {
			isa = PBXGroup;
			children = (
				C64757B01B426900008B5540 /* delegates */,
				C64757B31B426900008B5540 /* EaseMob+CallService.h */,
				C64757B41B426900008B5540 /* EMCallServiceDefs.h */,
				C64757B51B426900008B5540 /* ICallManager.h */,
				C64757B61B426900008B5540 /* internal */,
				C64757B91B426900008B5540 /* types */,
			);
			path = EMCallManager;
			sourceTree = "<group>";
		};
		C64757B01B426900008B5540 /* delegates */ = {
			isa = PBXGroup;
			children = (
				C64757B11B426900008B5540 /* EMCallManagerCallDelegate.h */,
				C64757B21B426900008B5540 /* EMCallManagerDelegate.h */,
			);
			path = delegates;
			sourceTree = "<group>";
		};
		C64757B61B426900008B5540 /* internal */ = {
			isa = PBXGroup;
			children = (
				C64757B71B426900008B5540 /* ICallManagerBase.h */,
				C64757B81B426900008B5540 /* ICallManagerCall.h */,
			);
			path = internal;
			sourceTree = "<group>";
		};
		C64757B91B426900008B5540 /* types */ = {
			isa = PBXGroup;
			children = (
				C64757BA1B426900008B5540 /* EMCallSession.h */,
				C64757BB1B426900008B5540 /* IOpenGLView.h */,
				C64757BC1B426900008B5540 /* OpenGLView20.h */,
			);
			path = types;
			sourceTree = "<group>";
		};
		C64757BD1B426900008B5540 /* ChatService */ = {
			isa = PBXGroup;
			children = (
				C64757BE1B426900008B5540 /* EMChatManager */,
			);
			path = ChatService;
			sourceTree = "<group>";
		};
		C64757BE1B426900008B5540 /* EMChatManager */ = {
			isa = PBXGroup;
			children = (
				C64757BF1B426900008B5540 /* delegates */,
				C64757CC1B426900008B5540 /* EMChatManagerDefs.h */,
				C64757CD1B426900008B5540 /* EMGroupManagerDefs.h */,
				C64757CE1B426900008B5540 /* EMPushManagerDefs.h */,
				C64757CF1B426900008B5540 /* IChatManager.h */,
				C64757D01B426900008B5540 /* internal */,
				C64757DC1B426900008B5540 /* types */,
			);
			path = EMChatManager;
			sourceTree = "<group>";
		};
		C64757BF1B426900008B5540 /* delegates */ = {
			isa = PBXGroup;
			children = (
				C64757C01B426900008B5540 /* IChatManagerDelegate.h */,
				C64757C11B426900008B5540 /* internal */,
			);
			path = delegates;
			sourceTree = "<group>";
		};
		C64757C11B426900008B5540 /* internal */ = {
			isa = PBXGroup;
			children = (
				C64757C21B426900008B5540 /* EMChatManagerBuddyDelegate.h */,
				C64757C31B426900008B5540 /* EMChatManagerChatDelegate.h */,
				C64757C41B426900008B5540 /* EMChatManagerChatroomDelegate.h */,
				C64757C51B426900008B5540 /* EMChatManagerDelegate.h */,
				C64757C61B426900008B5540 /* EMChatManagerDelegateBase.h */,
				C64757C71B426900008B5540 /* EMChatManagerEncryptionDelegate.h */,
				C64757C81B426900008B5540 /* EMChatManagerGroupDelegate.h */,
				C64757C91B426900008B5540 /* EMChatManagerLoginDelegate.h */,
				C64757CA1B426900008B5540 /* EMChatManagerPushNotificationDelegate.h */,
				C64757CB1B426900008B5540 /* EMChatManagerUtilDelegate.h */,
			);
			path = internal;
			sourceTree = "<group>";
		};
		C64757D01B426900008B5540 /* internal */ = {
			isa = PBXGroup;
			children = (
				C64757D11B426900008B5540 /* IChatManagerBase.h */,
				C64757D21B426900008B5540 /* IChatManagerBuddy.h */,
				C64757D31B426900008B5540 /* IChatManagerChat.h */,
				C64757D41B426900008B5540 /* IChatManagerChatroom.h */,
				C64757D51B426900008B5540 /* IChatManagerConversation.h */,
				C64757D61B426900008B5540 /* IChatManagerEncryption.h */,
				C64757D71B426900008B5540 /* IChatManagerGroup.h */,
				C64757D81B426900008B5540 /* IChatManagerLogin.h */,
				C64757D91B426900008B5540 /* IChatManagerPushNotification.h */,
				C64757DA1B426900008B5540 /* IChatManagerSettingOptions.h */,
				C64757DB1B426900008B5540 /* IChatManagerUtil.h */,
			);
			path = internal;
			sourceTree = "<group>";
		};
		C64757DC1B426900008B5540 /* types */ = {
			isa = PBXGroup;
			children = (
				C64757DD1B426900008B5540 /* EMBuddy.h */,
				C64757DE1B426900008B5540 /* EMChatCommand.h */,
				C64757DF1B426900008B5540 /* EMChatFile.h */,
				C64757E01B426900008B5540 /* EMChatImage.h */,
				C64757E11B426900008B5540 /* EMChatLocation.h */,
				C64757E21B426900008B5540 /* EMChatroom.h */,
				C64757E31B426900008B5540 /* EMChatText.h */,
				C64757E41B426900008B5540 /* EMChatVideo.h */,
				C64757E51B426900008B5540 /* EMChatVoice.h */,
				C64757E61B426900008B5540 /* EMCommandMessageBody.h */,
				C64757E71B426900008B5540 /* EMConversation.h */,
				C64757E81B426900008B5540 /* EMCursorResult.h */,
				C64757E91B426900008B5540 /* EMFileMessageBody.h */,
				C64757EA1B426900008B5540 /* EMGroup.h */,
				C64757EB1B426900008B5540 /* EMGroupStyleSetting.h */,
				C64757EC1B426900008B5540 /* EMImageMessageBody.h */,
				C64757ED1B426900008B5540 /* EMLocationMessageBody.h */,
				C64757EE1B426900008B5540 /* EMMessage.h */,
				C64757EF1B426900008B5540 /* EMPushNotificationOptions.h */,
				C64757F01B426900008B5540 /* EMReceipt.h */,
				C64757F11B426900008B5540 /* EMReceiptBase.h */,
				C64757F21B426900008B5540 /* EMTextMessageBody.h */,
				C64757F31B426900008B5540 /* EMVideoMessageBody.h */,
				C64757F41B426900008B5540 /* EMVoiceMessageBody.h */,
				C64757F51B426900008B5540 /* IChatImageOptions.h */,
				C64757F61B426900008B5540 /* IEMChatCryptor.h */,
				C64757F71B426900008B5540 /* IEMChatFile.h */,
				C64757F81B426900008B5540 /* IEMChatObject.h */,
				C64757F91B426900008B5540 /* IEMChatProgressDelegate.h */,
				C64757FA1B426900008B5540 /* IEMFileMessageBody.h */,
				C64757FB1B426900008B5540 /* IEMMessageBody.h */,
			);
			path = types;
			sourceTree = "<group>";
		};
		C64757FC1B426900008B5540 /* EaseMobClientSDK */ = {
			isa = PBXGroup;
			children = (
				C64757FD1B426900008B5540 /* EaseMob.h */,
				C64757FE1B426900008B5540 /* EaseMobHeaders.h */,
			);
			path = EaseMobClientSDK;
			sourceTree = "<group>";
		};
		C64757FF1B426900008B5540 /* EaseMobClientSDKLite */ = {
			isa = PBXGroup;
			children = (
				C64758001B426900008B5540 /* EaseMob.h */,
				C64758011B426900008B5540 /* EaseMobHeaders.h */,
			);
			path = EaseMobClientSDKLite;
			sourceTree = "<group>";
		};
		C64758021B426900008B5540 /* Utility */ = {
			isa = PBXGroup;
			children = (
				C64758031B426900008B5540 /* commonDefs.h */,
				C64758041B426900008B5540 /* EMDeviceManager */,
				C647580F1B426900008B5540 /* EMNetworkMonitorDefs.h */,
				C64758101B426900008B5540 /* ErrorManager */,
			);
			path = Utility;
			sourceTree = "<group>";
		};
		C64758041B426900008B5540 /* EMDeviceManager */ = {
			isa = PBXGroup;
			children = (
				C64758051B426900008B5540 /* delegates */,
				C647580B1B426900008B5540 /* EMDeviceManagerDefs.h */,
				C647580C1B426900008B5540 /* IDeviceManager.h */,
				C647580D1B426900008B5540 /* internal */,
			);
			path = EMDeviceManager;
			sourceTree = "<group>";
		};
		C64758051B426900008B5540 /* delegates */ = {
			isa = PBXGroup;
			children = (
				C64758061B426900008B5540 /* IDeviceManagerDelegate.h */,
				C64758071B426900008B5540 /* internal */,
			);
			path = delegates;
			sourceTree = "<group>";
		};
		C64758071B426900008B5540 /* internal */ = {
			isa = PBXGroup;
			children = (
				C64758081B426900008B5540 /* EMDeviceManagerDelegate.h */,
				C64758091B426900008B5540 /* EMDeviceManagerDelegateBase.h */,
				C647580A1B426900008B5540 /* EMDeviceManagerNetworkDelegate.h */,
			);
			path = internal;
			sourceTree = "<group>";
		};
		C647580D1B426900008B5540 /* internal */ = {
			isa = PBXGroup;
			children = (
				C647580E1B426900008B5540 /* IDeviceManagerBase.h */,
			);
			path = internal;
			sourceTree = "<group>";
		};
		C64758101B426900008B5540 /* ErrorManager */ = {
			isa = PBXGroup;
			children = (
				C64758111B426900008B5540 /* EMError.h */,
				C64758121B426900008B5540 /* EMErrorDefs.h */,
			);
			path = ErrorManager;
			sourceTree = "<group>";
		};
		C64758131B426900008B5540 /* lib */ = {
			isa = PBXGroup;
			children = (
				C64758141B426900008B5540 /* libEaseMobClientSDK_arm64.a */,
				C64758151B426900008B5540 /* libEaseMobClientSDK_armv7.a */,
				C64758171B426900008B5540 /* libEaseMobClientSDK_i386.a */,
				C64758181B426900008B5540 /* libEaseMobClientSDK_x86_64.a */,
			);
			path = lib;
			sourceTree = "<group>";
		};
		C64758191B426900008B5540 /* resources */ = {
			isa = PBXGroup;
			children = (
				C647581A1B426900008B5540 /* EaseMob.bundle */,
			);
			path = resources;
			sourceTree = "<group>";
		};
		C6E0EA4F1B2FF5C400E179F3 /* DeviceUtil */ = {
			isa = PBXGroup;
			children = (
				C6E0EA6A1B2FFA6B00E179F3 /* VoiceConvert */,
				C6E0EA501B2FF5C400E179F3 /* delegates */,
				C6E0EA531B2FF5C400E179F3 /* internal */,
			);
			path = DeviceUtil;
			sourceTree = "<group>";
		};
		C6E0EA501B2FF5C400E179F3 /* delegates */ = {
			isa = PBXGroup;
			children = (
				C6E0EA511B2FF5C400E179F3 /* EMCDDeviceManagerDelegate.h */,
				C6E0EA521B2FF5C400E179F3 /* EMCDDeviceManagerProximitySensorDelegate.h */,
			);
			path = delegates;
			sourceTree = "<group>";
		};
		C6E0EA531B2FF5C400E179F3 /* internal */ = {
			isa = PBXGroup;
			children = (
				C6E0EA541B2FF5C400E179F3 /* EMAudioPlayerUtil.h */,
				C6E0EA551B2FF5C400E179F3 /* EMAudioPlayerUtil.m */,
				C6E0EA561B2FF5C400E179F3 /* EMAudioRecorderUtil.h */,
				C6E0EA571B2FF5C400E179F3 /* EMAudioRecorderUtil.m */,
				C6E0EA581B2FF5C400E179F3 /* EMCDDeviceManager+Media.h */,
				C6E0EA591B2FF5C400E179F3 /* EMCDDeviceManager+Media.m */,
				C6E0EA5A1B2FF5C400E179F3 /* EMCDDeviceManager+Microphone.h */,
				C6E0EA5B1B2FF5C400E179F3 /* EMCDDeviceManager+Microphone.m */,
				C6E0EA5C1B2FF5C400E179F3 /* EMCDDeviceManager+ProximitySensor.h */,
				C6E0EA5D1B2FF5C400E179F3 /* EMCDDeviceManager+ProximitySensor.m */,
				C6E0EA5E1B2FF5C400E179F3 /* EMCDDeviceManager+Remind.h */,
				C6E0EA5F1B2FF5C400E179F3 /* EMCDDeviceManager+Remind.m */,
				C6E0EA601B2FF5C400E179F3 /* EMCDDeviceManager.h */,
				C6E0EA611B2FF5C400E179F3 /* EMCDDeviceManagerBase.h */,
				C6E0EA621B2FF5C400E179F3 /* EMCDDeviceManagerBase.m */,
			);
			path = internal;
			sourceTree = "<group>";
		};
		C6E0EA6A1B2FFA6B00E179F3 /* VoiceConvert */ = {
			isa = PBXGroup;
			children = (
				C6E0EA6B1B2FFA6B00E179F3 /* amrwapper */,
				C6E0EA701B2FFA6B00E179F3 /* EMVoiceConverter.h */,
				C6E0EA711B2FFA6B00E179F3 /* EMVoiceConverter.mm */,
				C6E0EA721B2FFA6B00E179F3 /* opencore-amrnb */,
				C6E0EA761B2FFA6B00E179F3 /* opencore-amrwb */,
			);
			path = VoiceConvert;
			sourceTree = "<group>";
		};
		C6E0EA6B1B2FFA6B00E179F3 /* amrwapper */ = {
			isa = PBXGroup;
			children = (
				C6E0EA6C1B2FFA6B00E179F3 /* amrFileCodec.h */,
				C6E0EA6D1B2FFA6B00E179F3 /* amrFileCodec.mm */,
				C6E0EA6E1B2FFA6B00E179F3 /* wav.h */,
				C6E0EA6F1B2FFA6B00E179F3 /* wav.mm */,
			);
			path = amrwapper;
			sourceTree = "<group>";
		};
		C6E0EA721B2FFA6B00E179F3 /* opencore-amrnb */ = {
			isa = PBXGroup;
			children = (
				C6E0EA731B2FFA6B00E179F3 /* interf_dec.h */,
				C6E0EA741B2FFA6B00E179F3 /* interf_enc.h */,
				C6E0EA751B2FFA6B00E179F3 /* libopencore-amrnb.a */,
			);
			path = "opencore-amrnb";
			sourceTree = "<group>";
		};
		C6E0EA761B2FFA6B00E179F3 /* opencore-amrwb */ = {
			isa = PBXGroup;
			children = (
				C6E0EA771B2FFA6B00E179F3 /* dec_if.h */,
				C6E0EA781B2FFA6B00E179F3 /* if_rom.h */,
				C6E0EA791B2FFA6B00E179F3 /* libopencore-amrwb.a */,
			);
			path = "opencore-amrwb";
			sourceTree = "<group>";
		};
/* End PBXGroup section */

/* Begin PBXNativeTarget section */
		4230D7C11B2B846C00BB8D7B /* EUExEasemob */ = {
			isa = PBXNativeTarget;
			buildConfigurationList = 4230D7D61B2B846C00BB8D7B /* Build configuration list for PBXNativeTarget "EUExEasemob" */;
			buildPhases = (
				4230D7BE1B2B846C00BB8D7B /* Sources */,
				4230D7BF1B2B846C00BB8D7B /* Frameworks */,
				4230D7C01B2B846C00BB8D7B /* CopyFiles */,
			);
			buildRules = (
			);
			dependencies = (
			);
			name = EUExEasemob;
			productName = EUExEasemob;
			productReference = 4230D7C21B2B846C00BB8D7B /* libuexEasemob.a */;
			productType = "com.apple.product-type.library.static";
		};
/* End PBXNativeTarget section */

/* Begin PBXProject section */
		4230D7BA1B2B846C00BB8D7B /* Project object */ = {
			isa = PBXProject;
			attributes = {
				LastUpgradeCheck = 0630;
				ORGANIZATIONNAME = AppCan;
				TargetAttributes = {
					4230D7C11B2B846C00BB8D7B = {
						CreatedOnToolsVersion = 6.3.2;
					};
				};
			};
			buildConfigurationList = 4230D7BD1B2B846C00BB8D7B /* Build configuration list for PBXProject "EUExEasemob" */;
			compatibilityVersion = "Xcode 3.2";
			developmentRegion = English;
			hasScannedForEncodings = 0;
			knownRegions = (
				en,
			);
			mainGroup = 4230D7B91B2B846C00BB8D7B;
			productRefGroup = 4230D7C31B2B846C00BB8D7B /* Products */;
			projectDirPath = "";
			projectRoot = "";
			targets = (
				4230D7C11B2B846C00BB8D7B /* EUExEasemob */,
			);
		};
/* End PBXProject section */

/* Begin PBXSourcesBuildPhase section */
		4230D7BE1B2B846C00BB8D7B /* Sources */ = {
			isa = PBXSourcesBuildPhase;
			buildActionMask = 2147483647;
			files = (
				C6E0EA691B2FF5C400E179F3 /* EMCDDeviceManagerBase.m in Sources */,
				C6E0EA671B2FF5C400E179F3 /* EMCDDeviceManager+ProximitySensor.m in Sources */,
				C6E0EA661B2FF5C400E179F3 /* EMCDDeviceManager+Microphone.m in Sources */,
				C6E0EA651B2FF5C400E179F3 /* EMCDDeviceManager+Media.m in Sources */,
				C6E0EA681B2FF5C400E179F3 /* EMCDDeviceManager+Remind.m in Sources */,
				C6E0EA7B1B2FFA6B00E179F3 /* wav.mm in Sources */,
				C6E0EA641B2FF5C400E179F3 /* EMAudioRecorderUtil.m in Sources */,
				C6E0EA7C1B2FFA6B00E179F3 /* EMVoiceConverter.mm in Sources */,
				422C69BE1B2BB3E60036730B /* uexEasemobManager.m in Sources */,
				C6E0EA631B2FF5C400E179F3 /* EMAudioPlayerUtil.m in Sources */,
				4230D7C81B2B846C00BB8D7B /* EUExEasemob.m in Sources */,
				C6E0EA7A1B2FFA6B00E179F3 /* amrFileCodec.mm in Sources */,
			);
			runOnlyForDeploymentPostprocessing = 0;
		};
/* End PBXSourcesBuildPhase section */

/* Begin XCBuildConfiguration section */
		4230D7D41B2B846C00BB8D7B /* Debug */ = {
			isa = XCBuildConfiguration;
			buildSettings = {
				ALWAYS_SEARCH_USER_PATHS = NO;
				CLANG_CXX_LANGUAGE_STANDARD = "gnu++0x";
				CLANG_CXX_LIBRARY = "libc++";
				CLANG_ENABLE_MODULES = YES;
				CLANG_ENABLE_OBJC_ARC = YES;
				CLANG_WARN_BOOL_CONVERSION = YES;
				CLANG_WARN_CONSTANT_CONVERSION = YES;
				CLANG_WARN_DIRECT_OBJC_ISA_USAGE = YES_ERROR;
				CLANG_WARN_EMPTY_BODY = YES;
				CLANG_WARN_ENUM_CONVERSION = YES;
				CLANG_WARN_INT_CONVERSION = YES;
				CLANG_WARN_OBJC_ROOT_CLASS = YES_ERROR;
				CLANG_WARN_UNREACHABLE_CODE = YES;
				CLANG_WARN__DUPLICATE_METHOD_MATCH = YES;
				COPY_PHASE_STRIP = NO;
				DEBUG_INFORMATION_FORMAT = "dwarf-with-dsym";
				ENABLE_STRICT_OBJC_MSGSEND = YES;
				GCC_C_LANGUAGE_STANDARD = gnu99;
				GCC_DYNAMIC_NO_PIC = NO;
				GCC_NO_COMMON_BLOCKS = YES;
				GCC_OPTIMIZATION_LEVEL = 0;
				GCC_PREPROCESSOR_DEFINITIONS = (
					"DEBUG=1",
					"$(inherited)",
				);
				GCC_SYMBOLS_PRIVATE_EXTERN = NO;
				GCC_WARN_64_TO_32_BIT_CONVERSION = YES;
				GCC_WARN_ABOUT_RETURN_TYPE = YES_ERROR;
				GCC_WARN_UNDECLARED_SELECTOR = YES;
				GCC_WARN_UNINITIALIZED_AUTOS = YES_AGGRESSIVE;
				GCC_WARN_UNUSED_FUNCTION = YES;
				GCC_WARN_UNUSED_VARIABLE = YES;
				IPHONEOS_DEPLOYMENT_TARGET = 8.3;
				MTL_ENABLE_DEBUG_INFO = YES;
				ONLY_ACTIVE_ARCH = YES;
				SDKROOT = iphoneos;
			};
			name = Debug;
		};
		4230D7D51B2B846C00BB8D7B /* Release */ = {
			isa = XCBuildConfiguration;
			buildSettings = {
				ALWAYS_SEARCH_USER_PATHS = NO;
				CLANG_CXX_LANGUAGE_STANDARD = "gnu++0x";
				CLANG_CXX_LIBRARY = "libc++";
				CLANG_ENABLE_MODULES = YES;
				CLANG_ENABLE_OBJC_ARC = YES;
				CLANG_WARN_BOOL_CONVERSION = YES;
				CLANG_WARN_CONSTANT_CONVERSION = YES;
				CLANG_WARN_DIRECT_OBJC_ISA_USAGE = YES_ERROR;
				CLANG_WARN_EMPTY_BODY = YES;
				CLANG_WARN_ENUM_CONVERSION = YES;
				CLANG_WARN_INT_CONVERSION = YES;
				CLANG_WARN_OBJC_ROOT_CLASS = YES_ERROR;
				CLANG_WARN_UNREACHABLE_CODE = YES;
				CLANG_WARN__DUPLICATE_METHOD_MATCH = YES;
				COPY_PHASE_STRIP = NO;
				DEBUG_INFORMATION_FORMAT = "dwarf-with-dsym";
				ENABLE_NS_ASSERTIONS = NO;
				ENABLE_STRICT_OBJC_MSGSEND = YES;
				GCC_C_LANGUAGE_STANDARD = gnu99;
				GCC_NO_COMMON_BLOCKS = YES;
				GCC_WARN_64_TO_32_BIT_CONVERSION = YES;
				GCC_WARN_ABOUT_RETURN_TYPE = YES_ERROR;
				GCC_WARN_UNDECLARED_SELECTOR = YES;
				GCC_WARN_UNINITIALIZED_AUTOS = YES_AGGRESSIVE;
				GCC_WARN_UNUSED_FUNCTION = YES;
				GCC_WARN_UNUSED_VARIABLE = YES;
				IPHONEOS_DEPLOYMENT_TARGET = 8.3;
				MTL_ENABLE_DEBUG_INFO = NO;
				SDKROOT = iphoneos;
				VALIDATE_PRODUCT = YES;
			};
			name = Release;
		};
		4230D7D71B2B846C00BB8D7B /* Debug */ = {
			isa = XCBuildConfiguration;
			buildSettings = {
				CONFIGURATION_BUILD_DIR = $SRCROOT/uexEasemob;
				GCC_PRECOMPILE_PREFIX_HEADER = YES;
				GCC_PREFIX_HEADER = $SRCROOT/EUExEasemob/sourceCode/EUExEasemob_PrefixHeader.pch;
				LIBRARY_SEARCH_PATHS = (
					"$(inherited)",
					"$(PROJECT_DIR)/EUExEasemob/sourceCode/EaseMobSDK/lib",
					"$(PROJECT_DIR)/EUExEasemob/sourceCode/DeviceUtil/VoiceConvert/opencore-amrnb",
					"$(PROJECT_DIR)/EUExEasemob/sourceCode/DeviceUtil/VoiceConvert/opencore-amrwb",
				);
				ONLY_ACTIVE_ARCH = NO;
				OTHER_LDFLAGS = "-ObjC";
				PRODUCT_NAME = uexEasemob;
				SKIP_INSTALL = YES;
			};
			name = Debug;
		};
		4230D7D81B2B846C00BB8D7B /* Release */ = {
			isa = XCBuildConfiguration;
			buildSettings = {
				CONFIGURATION_BUILD_DIR = $SRCROOT/uexEasemob;
				GCC_PRECOMPILE_PREFIX_HEADER = YES;
				GCC_PREFIX_HEADER = $SRCROOT/EUExEasemob/sourceCode/EUExEasemob_PrefixHeader.pch;
				LIBRARY_SEARCH_PATHS = (
					"$(inherited)",
					"$(PROJECT_DIR)/EUExEasemob/sourceCode/EaseMobSDK/lib",
					"$(PROJECT_DIR)/EUExEasemob/sourceCode/DeviceUtil/VoiceConvert/opencore-amrnb",
					"$(PROJECT_DIR)/EUExEasemob/sourceCode/DeviceUtil/VoiceConvert/opencore-amrwb",
				);
				ONLY_ACTIVE_ARCH = NO;
				OTHER_LDFLAGS = "-ObjC";
				PRODUCT_NAME = uexEasemob;
				SKIP_INSTALL = YES;
			};
			name = Release;
		};
/* End XCBuildConfiguration section */

/* Begin XCConfigurationList section */
		4230D7BD1B2B846C00BB8D7B /* Build configuration list for PBXProject "EUExEasemob" */ = {
			isa = XCConfigurationList;
			buildConfigurations = (
				4230D7D41B2B846C00BB8D7B /* Debug */,
				4230D7D51B2B846C00BB8D7B /* Release */,
			);
			defaultConfigurationIsVisible = 0;
			defaultConfigurationName = Release;
		};
		4230D7D61B2B846C00BB8D7B /* Build configuration list for PBXNativeTarget "EUExEasemob" */ = {
			isa = XCConfigurationList;
			buildConfigurations = (
				4230D7D71B2B846C00BB8D7B /* Debug */,
				4230D7D81B2B846C00BB8D7B /* Release */,
			);
			defaultConfigurationIsVisible = 0;
			defaultConfigurationName = Release;
		};
/* End XCConfigurationList section */
	};
	rootObject = 4230D7BA1B2B846C00BB8D7B /* Project object */;
}
