// !$*UTF8*$!
{
	archiveVersion = 1;
	classes = {
	};
	objectVersion = 46;
	objects = {

/* Begin PBXBuildFile section */
		21ED04F31D19387500D8D9C5 /* AppCanKit.framework in Frameworks */ = {isa = PBXBuildFile; fileRef = 21ED04F21D19387500D8D9C5 /* AppCanKit.framework */; };
		3C040E211D080CAD0071C537 /* libcrypto.a in Frameworks */ = {isa = PBXBuildFile; fileRef = 3C040E1D1D080CAD0071C537 /* libcrypto.a */; };
		3C040E221D080CAD0071C537 /* libcurl.a in Frameworks */ = {isa = PBXBuildFile; fileRef = 3C040E1E1D080CAD0071C537 /* libcurl.a */; };
		3C040E231D080CAD0071C537 /* libssl.a in Frameworks */ = {isa = PBXBuildFile; fileRef = 3C040E1F1D080CAD0071C537 /* libssl.a */; };
		3C040E311D0810440071C537 /* libHyphenateFullSDK_arm64.a in Frameworks */ = {isa = PBXBuildFile; fileRef = 3C040E2D1D0810440071C537 /* libHyphenateFullSDK_arm64.a */; };
		3C040E321D0810440071C537 /* libHyphenateFullSDK_armv7.a in Frameworks */ = {isa = PBXBuildFile; fileRef = 3C040E2E1D0810440071C537 /* libHyphenateFullSDK_armv7.a */; };
		3C040E331D0810440071C537 /* libHyphenateFullSDK_i386.a in Frameworks */ = {isa = PBXBuildFile; fileRef = 3C040E2F1D0810440071C537 /* libHyphenateFullSDK_i386.a */; };
		3C040E341D0810440071C537 /* libHyphenateFullSDK_x86_64.a in Frameworks */ = {isa = PBXBuildFile; fileRef = 3C040E301D0810440071C537 /* libHyphenateFullSDK_x86_64.a */; };
		3C5BB24C1CC788FA00A8F593 /* EMAudioPlayerUtil.m in Sources */ = {isa = PBXBuildFile; fileRef = 3C5BB2041CC788FA00A8F593 /* EMAudioPlayerUtil.m */; };
		3C5BB24D1CC788FA00A8F593 /* EMAudioRecorderUtil.m in Sources */ = {isa = PBXBuildFile; fileRef = 3C5BB2061CC788FA00A8F593 /* EMAudioRecorderUtil.m */; };
		3C5BB24E1CC788FA00A8F593 /* EMCDDeviceManager+Media.m in Sources */ = {isa = PBXBuildFile; fileRef = 3C5BB2081CC788FA00A8F593 /* EMCDDeviceManager+Media.m */; };
		3C5BB24F1CC788FA00A8F593 /* EMCDDeviceManager+Microphone.m in Sources */ = {isa = PBXBuildFile; fileRef = 3C5BB20A1CC788FA00A8F593 /* EMCDDeviceManager+Microphone.m */; };
		3C5BB2501CC788FA00A8F593 /* EMCDDeviceManager+ProximitySensor.m in Sources */ = {isa = PBXBuildFile; fileRef = 3C5BB20C1CC788FA00A8F593 /* EMCDDeviceManager+ProximitySensor.m */; };
		3C5BB2511CC788FA00A8F593 /* EMCDDeviceManager+Remind.m in Sources */ = {isa = PBXBuildFile; fileRef = 3C5BB20E1CC788FA00A8F593 /* EMCDDeviceManager+Remind.m */; };
		3C5BB2521CC788FA00A8F593 /* EMCDDeviceManagerBase.m in Sources */ = {isa = PBXBuildFile; fileRef = 3C5BB2111CC788FA00A8F593 /* EMCDDeviceManagerBase.m */; };
		3C5BB2531CC788FA00A8F593 /* amrFileCodec.mm in Sources */ = {isa = PBXBuildFile; fileRef = 3C5BB2151CC788FA00A8F593 /* amrFileCodec.mm */; };
		3C5BB2541CC788FA00A8F593 /* wav.mm in Sources */ = {isa = PBXBuildFile; fileRef = 3C5BB2171CC788FA00A8F593 /* wav.mm */; };
		3C5BB2551CC788FA00A8F593 /* EMVoiceConverter.mm in Sources */ = {isa = PBXBuildFile; fileRef = 3C5BB2191CC788FA00A8F593 /* EMVoiceConverter.mm */; };
		3C5BB2561CC788FA00A8F593 /* libopencore-amrnb.a in Frameworks */ = {isa = PBXBuildFile; fileRef = 3C5BB21D1CC788FA00A8F593 /* libopencore-amrnb.a */; };
		3C5BB2571CC788FA00A8F593 /* libopencore-amrwb.a in Frameworks */ = {isa = PBXBuildFile; fileRef = 3C5BB2211CC788FA00A8F593 /* libopencore-amrwb.a */; };
		422C69BE1B2BB3E60036730B /* uexEasemobManager.m in Sources */ = {isa = PBXBuildFile; fileRef = 422C69BD1B2BB3E60036730B /* uexEasemobManager.m */; };
		4230D7C81B2B846C00BB8D7B /* EUExEasemob.m in Sources */ = {isa = PBXBuildFile; fileRef = 4230D7C71B2B846C00BB8D7B /* EUExEasemob.m */; };
/* End PBXBuildFile section */

/* Begin PBXCopyFilesBuildPhase section */
		4230D7C01B2B846C00BB8D7B /* CopyFiles */ = {
			isa = PBXCopyFilesBuildPhase;
			buildActionMask = 12;
			dstPath = "";
			dstSubfolderSpec = 16;
			files = (
			);
			runOnlyForDeploymentPostprocessing = 0;
		};
/* End PBXCopyFilesBuildPhase section */

/* Begin PBXFileReference section */
		21ED04F21D19387500D8D9C5 /* AppCanKit.framework */ = {isa = PBXFileReference; lastKnownFileType = wrapper.framework; path = AppCanKit.framework; sourceTree = "<group>"; };
		3C040DF51D080CAD0071C537 /* EMCallLocalView.h */ = {isa = PBXFileReference; fileEncoding = 4; lastKnownFileType = sourcecode.c.h; path = EMCallLocalView.h; sourceTree = "<group>"; };
		3C040DF61D080CAD0071C537 /* EMCallManagerDelegate.h */ = {isa = PBXFileReference; fileEncoding = 4; lastKnownFileType = sourcecode.c.h; path = EMCallManagerDelegate.h; sourceTree = "<group>"; };
		3C040DF71D080CAD0071C537 /* EMCallRemoteView.h */ = {isa = PBXFileReference; fileEncoding = 4; lastKnownFileType = sourcecode.c.h; path = EMCallRemoteView.h; sourceTree = "<group>"; };
		3C040DF81D080CAD0071C537 /* EMCallSession.h */ = {isa = PBXFileReference; fileEncoding = 4; lastKnownFileType = sourcecode.c.h; path = EMCallSession.h; sourceTree = "<group>"; };
		3C040DF91D080CAD0071C537 /* EMChatManagerDelegate.h */ = {isa = PBXFileReference; fileEncoding = 4; lastKnownFileType = sourcecode.c.h; path = EMChatManagerDelegate.h; sourceTree = "<group>"; };
		3C040DFA1D080CAD0071C537 /* EMChatroom.h */ = {isa = PBXFileReference; fileEncoding = 4; lastKnownFileType = sourcecode.c.h; path = EMChatroom.h; sourceTree = "<group>"; };
		3C040DFB1D080CAD0071C537 /* EMChatroomManagerDelegate.h */ = {isa = PBXFileReference; fileEncoding = 4; lastKnownFileType = sourcecode.c.h; path = EMChatroomManagerDelegate.h; sourceTree = "<group>"; };
		3C040DFC1D080CAD0071C537 /* EMClient+Call.h */ = {isa = PBXFileReference; fileEncoding = 4; lastKnownFileType = sourcecode.c.h; path = "EMClient+Call.h"; sourceTree = "<group>"; };
		3C040DFD1D080CAD0071C537 /* EMClient.h */ = {isa = PBXFileReference; fileEncoding = 4; lastKnownFileType = sourcecode.c.h; path = EMClient.h; sourceTree = "<group>"; };
		3C040DFE1D080CAD0071C537 /* EMClientDelegate.h */ = {isa = PBXFileReference; fileEncoding = 4; lastKnownFileType = sourcecode.c.h; path = EMClientDelegate.h; sourceTree = "<group>"; };
		3C040DFF1D080CAD0071C537 /* EMCmdMessageBody.h */ = {isa = PBXFileReference; fileEncoding = 4; lastKnownFileType = sourcecode.c.h; path = EMCmdMessageBody.h; sourceTree = "<group>"; };
		3C040E001D080CAD0071C537 /* EMContactManagerDelegate.h */ = {isa = PBXFileReference; fileEncoding = 4; lastKnownFileType = sourcecode.c.h; path = EMContactManagerDelegate.h; sourceTree = "<group>"; };
		3C040E011D080CAD0071C537 /* EMConversation.h */ = {isa = PBXFileReference; fileEncoding = 4; lastKnownFileType = sourcecode.c.h; path = EMConversation.h; sourceTree = "<group>"; };
		3C040E021D080CAD0071C537 /* EMCursorResult.h */ = {isa = PBXFileReference; fileEncoding = 4; lastKnownFileType = sourcecode.c.h; path = EMCursorResult.h; sourceTree = "<group>"; };
		3C040E031D080CAD0071C537 /* EMError.h */ = {isa = PBXFileReference; fileEncoding = 4; lastKnownFileType = sourcecode.c.h; path = EMError.h; sourceTree = "<group>"; };
		3C040E041D080CAD0071C537 /* EMErrorCode.h */ = {isa = PBXFileReference; fileEncoding = 4; lastKnownFileType = sourcecode.c.h; path = EMErrorCode.h; sourceTree = "<group>"; };
		3C040E051D080CAD0071C537 /* EMFileMessageBody.h */ = {isa = PBXFileReference; fileEncoding = 4; lastKnownFileType = sourcecode.c.h; path = EMFileMessageBody.h; sourceTree = "<group>"; };
		3C040E061D080CAD0071C537 /* EMGroup.h */ = {isa = PBXFileReference; fileEncoding = 4; lastKnownFileType = sourcecode.c.h; path = EMGroup.h; sourceTree = "<group>"; };
		3C040E071D080CAD0071C537 /* EMGroupManagerDelegate.h */ = {isa = PBXFileReference; fileEncoding = 4; lastKnownFileType = sourcecode.c.h; path = EMGroupManagerDelegate.h; sourceTree = "<group>"; };
		3C040E081D080CAD0071C537 /* EMGroupOptions.h */ = {isa = PBXFileReference; fileEncoding = 4; lastKnownFileType = sourcecode.c.h; path = EMGroupOptions.h; sourceTree = "<group>"; };
		3C040E091D080CAD0071C537 /* EMImageMessageBody.h */ = {isa = PBXFileReference; fileEncoding = 4; lastKnownFileType = sourcecode.c.h; path = EMImageMessageBody.h; sourceTree = "<group>"; };
		3C040E0A1D080CAD0071C537 /* EMLocationMessageBody.h */ = {isa = PBXFileReference; fileEncoding = 4; lastKnownFileType = sourcecode.c.h; path = EMLocationMessageBody.h; sourceTree = "<group>"; };
		3C040E0B1D080CAD0071C537 /* EMMessage.h */ = {isa = PBXFileReference; fileEncoding = 4; lastKnownFileType = sourcecode.c.h; path = EMMessage.h; sourceTree = "<group>"; };
		3C040E0C1D080CAD0071C537 /* EMMessageBody.h */ = {isa = PBXFileReference; fileEncoding = 4; lastKnownFileType = sourcecode.c.h; path = EMMessageBody.h; sourceTree = "<group>"; };
		3C040E0D1D080CAD0071C537 /* EMOptions+PrivateDeploy.h */ = {isa = PBXFileReference; fileEncoding = 4; lastKnownFileType = sourcecode.c.h; path = "EMOptions+PrivateDeploy.h"; sourceTree = "<group>"; };
		3C040E0E1D080CAD0071C537 /* EMOptions.h */ = {isa = PBXFileReference; fileEncoding = 4; lastKnownFileType = sourcecode.c.h; path = EMOptions.h; sourceTree = "<group>"; };
		3C040E0F1D080CAD0071C537 /* EMPushOptions.h */ = {isa = PBXFileReference; fileEncoding = 4; lastKnownFileType = sourcecode.c.h; path = EMPushOptions.h; sourceTree = "<group>"; };
		3C040E101D080CAD0071C537 /* EMSDK.h */ = {isa = PBXFileReference; fileEncoding = 4; lastKnownFileType = sourcecode.c.h; path = EMSDK.h; sourceTree = "<group>"; };
		3C040E111D080CAD0071C537 /* EMSDKFull.h */ = {isa = PBXFileReference; fileEncoding = 4; lastKnownFileType = sourcecode.c.h; path = EMSDKFull.h; sourceTree = "<group>"; };
		3C040E121D080CAD0071C537 /* EMTextMessageBody.h */ = {isa = PBXFileReference; fileEncoding = 4; lastKnownFileType = sourcecode.c.h; path = EMTextMessageBody.h; sourceTree = "<group>"; };
		3C040E131D080CAD0071C537 /* EMVideoMessageBody.h */ = {isa = PBXFileReference; fileEncoding = 4; lastKnownFileType = sourcecode.c.h; path = EMVideoMessageBody.h; sourceTree = "<group>"; };
		3C040E141D080CAD0071C537 /* EMVoiceMessageBody.h */ = {isa = PBXFileReference; fileEncoding = 4; lastKnownFileType = sourcecode.c.h; path = EMVoiceMessageBody.h; sourceTree = "<group>"; };
		3C040E151D080CAD0071C537 /* IEMCallManager.h */ = {isa = PBXFileReference; fileEncoding = 4; lastKnownFileType = sourcecode.c.h; path = IEMCallManager.h; sourceTree = "<group>"; };
		3C040E161D080CAD0071C537 /* IEMChatManager.h */ = {isa = PBXFileReference; fileEncoding = 4; lastKnownFileType = sourcecode.c.h; path = IEMChatManager.h; sourceTree = "<group>"; };
		3C040E171D080CAD0071C537 /* IEMChatroomManager.h */ = {isa = PBXFileReference; fileEncoding = 4; lastKnownFileType = sourcecode.c.h; path = IEMChatroomManager.h; sourceTree = "<group>"; };
		3C040E181D080CAD0071C537 /* IEMContactManager.h */ = {isa = PBXFileReference; fileEncoding = 4; lastKnownFileType = sourcecode.c.h; path = IEMContactManager.h; sourceTree = "<group>"; };
		3C040E191D080CAD0071C537 /* IEMGroupManager.h */ = {isa = PBXFileReference; fileEncoding = 4; lastKnownFileType = sourcecode.c.h; path = IEMGroupManager.h; sourceTree = "<group>"; };
		3C040E1A1D080CAD0071C537 /* OpenGLView20.h */ = {isa = PBXFileReference; fileEncoding = 4; lastKnownFileType = sourcecode.c.h; path = OpenGLView20.h; sourceTree = "<group>"; };
		3C040E1D1D080CAD0071C537 /* libcrypto.a */ = {isa = PBXFileReference; lastKnownFileType = archive.ar; path = libcrypto.a; sourceTree = "<group>"; };
		3C040E1E1D080CAD0071C537 /* libcurl.a */ = {isa = PBXFileReference; lastKnownFileType = archive.ar; path = libcurl.a; sourceTree = "<group>"; };
		3C040E1F1D080CAD0071C537 /* libssl.a */ = {isa = PBXFileReference; lastKnownFileType = archive.ar; path = libssl.a; sourceTree = "<group>"; };
		3C040E2D1D0810440071C537 /* libHyphenateFullSDK_arm64.a */ = {isa = PBXFileReference; lastKnownFileType = archive.ar; path = libHyphenateFullSDK_arm64.a; sourceTree = "<group>"; };
		3C040E2E1D0810440071C537 /* libHyphenateFullSDK_armv7.a */ = {isa = PBXFileReference; lastKnownFileType = archive.ar; path = libHyphenateFullSDK_armv7.a; sourceTree = "<group>"; };
		3C040E2F1D0810440071C537 /* libHyphenateFullSDK_i386.a */ = {isa = PBXFileReference; lastKnownFileType = archive.ar; path = libHyphenateFullSDK_i386.a; sourceTree = "<group>"; };
		3C040E301D0810440071C537 /* libHyphenateFullSDK_x86_64.a */ = {isa = PBXFileReference; lastKnownFileType = archive.ar; path = libHyphenateFullSDK_x86_64.a; sourceTree = "<group>"; };
		3C5BB1FF1CC788FA00A8F593 /* EMCDDeviceManagerDelegate.h */ = {isa = PBXFileReference; fileEncoding = 4; lastKnownFileType = sourcecode.c.h; path = EMCDDeviceManagerDelegate.h; sourceTree = "<group>"; };
		3C5BB2001CC788FA00A8F593 /* EMCDDeviceManagerProximitySensorDelegate.h */ = {isa = PBXFileReference; fileEncoding = 4; lastKnownFileType = sourcecode.c.h; path = EMCDDeviceManagerProximitySensorDelegate.h; sourceTree = "<group>"; };
		3C5BB2021CC788FA00A8F593 /* DemoErrorCode.h */ = {isa = PBXFileReference; fileEncoding = 4; lastKnownFileType = sourcecode.c.h; path = DemoErrorCode.h; sourceTree = "<group>"; };
		3C5BB2031CC788FA00A8F593 /* EMAudioPlayerUtil.h */ = {isa = PBXFileReference; fileEncoding = 4; lastKnownFileType = sourcecode.c.h; path = EMAudioPlayerUtil.h; sourceTree = "<group>"; };
		3C5BB2041CC788FA00A8F593 /* EMAudioPlayerUtil.m */ = {isa = PBXFileReference; fileEncoding = 4; lastKnownFileType = sourcecode.c.objc; path = EMAudioPlayerUtil.m; sourceTree = "<group>"; };
		3C5BB2051CC788FA00A8F593 /* EMAudioRecorderUtil.h */ = {isa = PBXFileReference; fileEncoding = 4; lastKnownFileType = sourcecode.c.h; path = EMAudioRecorderUtil.h; sourceTree = "<group>"; };
		3C5BB2061CC788FA00A8F593 /* EMAudioRecorderUtil.m */ = {isa = PBXFileReference; fileEncoding = 4; lastKnownFileType = sourcecode.c.objc; path = EMAudioRecorderUtil.m; sourceTree = "<group>"; };
		3C5BB2071CC788FA00A8F593 /* EMCDDeviceManager+Media.h */ = {isa = PBXFileReference; fileEncoding = 4; lastKnownFileType = sourcecode.c.h; path = "EMCDDeviceManager+Media.h"; sourceTree = "<group>"; };
		3C5BB2081CC788FA00A8F593 /* EMCDDeviceManager+Media.m */ = {isa = PBXFileReference; fileEncoding = 4; lastKnownFileType = sourcecode.c.objc; path = "EMCDDeviceManager+Media.m"; sourceTree = "<group>"; };
		3C5BB2091CC788FA00A8F593 /* EMCDDeviceManager+Microphone.h */ = {isa = PBXFileReference; fileEncoding = 4; lastKnownFileType = sourcecode.c.h; path = "EMCDDeviceManager+Microphone.h"; sourceTree = "<group>"; };
		3C5BB20A1CC788FA00A8F593 /* EMCDDeviceManager+Microphone.m */ = {isa = PBXFileReference; fileEncoding = 4; lastKnownFileType = sourcecode.c.objc; path = "EMCDDeviceManager+Microphone.m"; sourceTree = "<group>"; };
		3C5BB20B1CC788FA00A8F593 /* EMCDDeviceManager+ProximitySensor.h */ = {isa = PBXFileReference; fileEncoding = 4; lastKnownFileType = sourcecode.c.h; path = "EMCDDeviceManager+ProximitySensor.h"; sourceTree = "<group>"; };
		3C5BB20C1CC788FA00A8F593 /* EMCDDeviceManager+ProximitySensor.m */ = {isa = PBXFileReference; fileEncoding = 4; lastKnownFileType = sourcecode.c.objc; path = "EMCDDeviceManager+ProximitySensor.m"; sourceTree = "<group>"; };
		3C5BB20D1CC788FA00A8F593 /* EMCDDeviceManager+Remind.h */ = {isa = PBXFileReference; fileEncoding = 4; lastKnownFileType = sourcecode.c.h; path = "EMCDDeviceManager+Remind.h"; sourceTree = "<group>"; };
		3C5BB20E1CC788FA00A8F593 /* EMCDDeviceManager+Remind.m */ = {isa = PBXFileReference; fileEncoding = 4; lastKnownFileType = sourcecode.c.objc; path = "EMCDDeviceManager+Remind.m"; sourceTree = "<group>"; };
		3C5BB20F1CC788FA00A8F593 /* EMCDDeviceManager.h */ = {isa = PBXFileReference; fileEncoding = 4; lastKnownFileType = sourcecode.c.h; path = EMCDDeviceManager.h; sourceTree = "<group>"; };
		3C5BB2101CC788FA00A8F593 /* EMCDDeviceManagerBase.h */ = {isa = PBXFileReference; fileEncoding = 4; lastKnownFileType = sourcecode.c.h; path = EMCDDeviceManagerBase.h; sourceTree = "<group>"; };
		3C5BB2111CC788FA00A8F593 /* EMCDDeviceManagerBase.m */ = {isa = PBXFileReference; fileEncoding = 4; lastKnownFileType = sourcecode.c.objc; path = EMCDDeviceManagerBase.m; sourceTree = "<group>"; };
		3C5BB2141CC788FA00A8F593 /* amrFileCodec.h */ = {isa = PBXFileReference; fileEncoding = 4; lastKnownFileType = sourcecode.c.h; path = amrFileCodec.h; sourceTree = "<group>"; };
		3C5BB2151CC788FA00A8F593 /* amrFileCodec.mm */ = {isa = PBXFileReference; fileEncoding = 4; lastKnownFileType = sourcecode.cpp.objcpp; path = amrFileCodec.mm; sourceTree = "<group>"; };
		3C5BB2161CC788FA00A8F593 /* wav.h */ = {isa = PBXFileReference; fileEncoding = 4; lastKnownFileType = sourcecode.c.h; path = wav.h; sourceTree = "<group>"; };
		3C5BB2171CC788FA00A8F593 /* wav.mm */ = {isa = PBXFileReference; fileEncoding = 4; lastKnownFileType = sourcecode.cpp.objcpp; path = wav.mm; sourceTree = "<group>"; };
		3C5BB2181CC788FA00A8F593 /* EMVoiceConverter.h */ = {isa = PBXFileReference; fileEncoding = 4; lastKnownFileType = sourcecode.c.h; path = EMVoiceConverter.h; sourceTree = "<group>"; };
		3C5BB2191CC788FA00A8F593 /* EMVoiceConverter.mm */ = {isa = PBXFileReference; fileEncoding = 4; lastKnownFileType = sourcecode.cpp.objcpp; path = EMVoiceConverter.mm; sourceTree = "<group>"; };
		3C5BB21B1CC788FA00A8F593 /* interf_dec.h */ = {isa = PBXFileReference; fileEncoding = 4; lastKnownFileType = sourcecode.c.h; path = interf_dec.h; sourceTree = "<group>"; };
		3C5BB21C1CC788FA00A8F593 /* interf_enc.h */ = {isa = PBXFileReference; fileEncoding = 4; lastKnownFileType = sourcecode.c.h; path = interf_enc.h; sourceTree = "<group>"; };
		3C5BB21D1CC788FA00A8F593 /* libopencore-amrnb.a */ = {isa = PBXFileReference; lastKnownFileType = archive.ar; path = "libopencore-amrnb.a"; sourceTree = "<group>"; };
		3C5BB21F1CC788FA00A8F593 /* dec_if.h */ = {isa = PBXFileReference; fileEncoding = 4; lastKnownFileType = sourcecode.c.h; path = dec_if.h; sourceTree = "<group>"; };
		3C5BB2201CC788FA00A8F593 /* if_rom.h */ = {isa = PBXFileReference; fileEncoding = 4; lastKnownFileType = sourcecode.c.h; path = if_rom.h; sourceTree = "<group>"; };
		3C5BB2211CC788FA00A8F593 /* libopencore-amrwb.a */ = {isa = PBXFileReference; lastKnownFileType = archive.ar; path = "libopencore-amrwb.a"; sourceTree = "<group>"; };
		422C69381B2BB29C0036730B /* EUExBaseDefine.h */ = {isa = PBXFileReference; fileEncoding = 4; lastKnownFileType = sourcecode.c.h; path = EUExBaseDefine.h; sourceTree = "<group>"; };
		422C69391B2BB29C0036730B /* EUtility.h */ = {isa = PBXFileReference; fileEncoding = 4; lastKnownFileType = sourcecode.c.h; path = EUtility.h; sourceTree = "<group>"; };
		422C693A1B2BB29C0036730B /* WidgetOneDelegate.h */ = {isa = PBXFileReference; fileEncoding = 4; lastKnownFileType = sourcecode.c.h; path = WidgetOneDelegate.h; sourceTree = "<group>"; };
		422C69AD1B2BB29C0036730B /* JSON.h */ = {isa = PBXFileReference; fileEncoding = 4; lastKnownFileType = sourcecode.c.h; path = JSON.h; sourceTree = "<group>"; };
		422C69AE1B2BB29C0036730B /* JSONParser.h */ = {isa = PBXFileReference; fileEncoding = 4; lastKnownFileType = sourcecode.c.h; path = JSONParser.h; sourceTree = "<group>"; };
		422C69AF1B2BB29C0036730B /* NSObject+SBJSON.h */ = {isa = PBXFileReference; fileEncoding = 4; lastKnownFileType = sourcecode.c.h; path = "NSObject+SBJSON.h"; sourceTree = "<group>"; };
		422C69B01B2BB29C0036730B /* NSString+SBJSON.h */ = {isa = PBXFileReference; fileEncoding = 4; lastKnownFileType = sourcecode.c.h; path = "NSString+SBJSON.h"; sourceTree = "<group>"; };
		422C69B11B2BB29C0036730B /* SBJSON.h */ = {isa = PBXFileReference; fileEncoding = 4; lastKnownFileType = sourcecode.c.h; path = SBJSON.h; sourceTree = "<group>"; };
		422C69B21B2BB29C0036730B /* SBJsonBase.h */ = {isa = PBXFileReference; fileEncoding = 4; lastKnownFileType = sourcecode.c.h; path = SBJsonBase.h; sourceTree = "<group>"; };
		422C69B31B2BB29C0036730B /* SBJsonParser.h */ = {isa = PBXFileReference; fileEncoding = 4; lastKnownFileType = sourcecode.c.h; path = SBJsonParser.h; sourceTree = "<group>"; };
		422C69B41B2BB29C0036730B /* SBJsonWriter.h */ = {isa = PBXFileReference; fileEncoding = 4; lastKnownFileType = sourcecode.c.h; path = SBJsonWriter.h; sourceTree = "<group>"; };
		422C69BC1B2BB3E60036730B /* uexEasemobManager.h */ = {isa = PBXFileReference; fileEncoding = 4; lastKnownFileType = sourcecode.c.h; path = uexEasemobManager.h; sourceTree = "<group>"; };
		422C69BD1B2BB3E60036730B /* uexEasemobManager.m */ = {isa = PBXFileReference; fileEncoding = 4; lastKnownFileType = sourcecode.c.objc; path = uexEasemobManager.m; sourceTree = "<group>"; };
		422C69BF1B2BB4390036730B /* EUExEasemob_PrefixHeader.pch */ = {isa = PBXFileReference; fileEncoding = 4; lastKnownFileType = sourcecode.c.h; path = EUExEasemob_PrefixHeader.pch; sourceTree = "<group>"; };
		4230D7C21B2B846C00BB8D7B /* libuexEasemob.a */ = {isa = PBXFileReference; explicitFileType = archive.ar; includeInIndex = 0; path = libuexEasemob.a; sourceTree = BUILT_PRODUCTS_DIR; };
		4230D7C51B2B846C00BB8D7B /* EUExEasemob.h */ = {isa = PBXFileReference; lastKnownFileType = sourcecode.c.h; path = EUExEasemob.h; sourceTree = "<group>"; };
		4230D7C71B2B846C00BB8D7B /* EUExEasemob.m */ = {isa = PBXFileReference; lastKnownFileType = sourcecode.c.objc; path = EUExEasemob.m; sourceTree = "<group>"; };
/* End PBXFileReference section */

/* Begin PBXFrameworksBuildPhase section */
		4230D7BF1B2B846C00BB8D7B /* Frameworks */ = {
			isa = PBXFrameworksBuildPhase;
			buildActionMask = 2147483647;
			files = (
				3C040E231D080CAD0071C537 /* libssl.a in Frameworks */,
				3C5BB2571CC788FA00A8F593 /* libopencore-amrwb.a in Frameworks */,
				3C040E221D080CAD0071C537 /* libcurl.a in Frameworks */,
				3C040E341D0810440071C537 /* libHyphenateFullSDK_x86_64.a in Frameworks */,
				21ED04F31D19387500D8D9C5 /* AppCanKit.framework in Frameworks */,
				3C040E321D0810440071C537 /* libHyphenateFullSDK_armv7.a in Frameworks */,
				3C040E331D0810440071C537 /* libHyphenateFullSDK_i386.a in Frameworks */,
				3C5BB2561CC788FA00A8F593 /* libopencore-amrnb.a in Frameworks */,
				3C040E211D080CAD0071C537 /* libcrypto.a in Frameworks */,
				3C040E311D0810440071C537 /* libHyphenateFullSDK_arm64.a in Frameworks */,
			);
			runOnlyForDeploymentPostprocessing = 0;
		};
/* End PBXFrameworksBuildPhase section */

/* Begin PBXGroup section */
		3C040DF41D080CAD0071C537 /* include */ = {
			isa = PBXGroup;
			children = (
				3C040DF51D080CAD0071C537 /* EMCallLocalView.h */,
				3C040DF61D080CAD0071C537 /* EMCallManagerDelegate.h */,
				3C040DF71D080CAD0071C537 /* EMCallRemoteView.h */,
				3C040DF81D080CAD0071C537 /* EMCallSession.h */,
				3C040DF91D080CAD0071C537 /* EMChatManagerDelegate.h */,
				3C040DFA1D080CAD0071C537 /* EMChatroom.h */,
				3C040DFB1D080CAD0071C537 /* EMChatroomManagerDelegate.h */,
				3C040DFC1D080CAD0071C537 /* EMClient+Call.h */,
				3C040DFD1D080CAD0071C537 /* EMClient.h */,
				3C040DFE1D080CAD0071C537 /* EMClientDelegate.h */,
				3C040DFF1D080CAD0071C537 /* EMCmdMessageBody.h */,
				3C040E001D080CAD0071C537 /* EMContactManagerDelegate.h */,
				3C040E011D080CAD0071C537 /* EMConversation.h */,
				3C040E021D080CAD0071C537 /* EMCursorResult.h */,
				3C040E031D080CAD0071C537 /* EMError.h */,
				3C040E041D080CAD0071C537 /* EMErrorCode.h */,
				3C040E051D080CAD0071C537 /* EMFileMessageBody.h */,
				3C040E061D080CAD0071C537 /* EMGroup.h */,
				3C040E071D080CAD0071C537 /* EMGroupManagerDelegate.h */,
				3C040E081D080CAD0071C537 /* EMGroupOptions.h */,
				3C040E091D080CAD0071C537 /* EMImageMessageBody.h */,
				3C040E0A1D080CAD0071C537 /* EMLocationMessageBody.h */,
				3C040E0B1D080CAD0071C537 /* EMMessage.h */,
				3C040E0C1D080CAD0071C537 /* EMMessageBody.h */,
				3C040E0D1D080CAD0071C537 /* EMOptions+PrivateDeploy.h */,
				3C040E0E1D080CAD0071C537 /* EMOptions.h */,
				3C040E0F1D080CAD0071C537 /* EMPushOptions.h */,
				3C040E101D080CAD0071C537 /* EMSDK.h */,
				3C040E111D080CAD0071C537 /* EMSDKFull.h */,
				3C040E121D080CAD0071C537 /* EMTextMessageBody.h */,
				3C040E131D080CAD0071C537 /* EMVideoMessageBody.h */,
				3C040E141D080CAD0071C537 /* EMVoiceMessageBody.h */,
				3C040E151D080CAD0071C537 /* IEMCallManager.h */,
				3C040E161D080CAD0071C537 /* IEMChatManager.h */,
				3C040E171D080CAD0071C537 /* IEMChatroomManager.h */,
				3C040E181D080CAD0071C537 /* IEMContactManager.h */,
				3C040E191D080CAD0071C537 /* IEMGroupManager.h */,
				3C040E1A1D080CAD0071C537 /* OpenGLView20.h */,
			);
			path = include;
			sourceTree = "<group>";
		};
		3C040E1B1D080CAD0071C537 /* lib */ = {
			isa = PBXGroup;
			children = (
				3C040E2D1D0810440071C537 /* libHyphenateFullSDK_arm64.a */,
				3C040E2E1D0810440071C537 /* libHyphenateFullSDK_armv7.a */,
				3C040E2F1D0810440071C537 /* libHyphenateFullSDK_i386.a */,
				3C040E301D0810440071C537 /* libHyphenateFullSDK_x86_64.a */,
				3C040E1C1D080CAD0071C537 /* 3rdparty */,
			);
			path = lib;
			sourceTree = "<group>";
		};
		3C040E1C1D080CAD0071C537 /* 3rdparty */ = {
			isa = PBXGroup;
			children = (
				3C040E1D1D080CAD0071C537 /* libcrypto.a */,
				3C040E1E1D080CAD0071C537 /* libcurl.a */,
				3C040E1F1D080CAD0071C537 /* libssl.a */,
			);
			path = 3rdparty;
			sourceTree = "<group>";
		};
		3C5BB1FD1CC788FA00A8F593 /* DeviceUtil */ = {
			isa = PBXGroup;
			children = (
				3C5BB1FE1CC788FA00A8F593 /* delegates */,
				3C5BB2011CC788FA00A8F593 /* internal */,
				3C5BB2121CC788FA00A8F593 /* VoiceConvert */,
			);
			path = DeviceUtil;
			sourceTree = "<group>";
		};
		3C5BB1FE1CC788FA00A8F593 /* delegates */ = {
			isa = PBXGroup;
			children = (
				3C5BB1FF1CC788FA00A8F593 /* EMCDDeviceManagerDelegate.h */,
				3C5BB2001CC788FA00A8F593 /* EMCDDeviceManagerProximitySensorDelegate.h */,
			);
			path = delegates;
			sourceTree = "<group>";
		};
		3C5BB2011CC788FA00A8F593 /* internal */ = {
			isa = PBXGroup;
			children = (
				3C5BB2021CC788FA00A8F593 /* DemoErrorCode.h */,
				3C5BB2031CC788FA00A8F593 /* EMAudioPlayerUtil.h */,
				3C5BB2041CC788FA00A8F593 /* EMAudioPlayerUtil.m */,
				3C5BB2051CC788FA00A8F593 /* EMAudioRecorderUtil.h */,
				3C5BB2061CC788FA00A8F593 /* EMAudioRecorderUtil.m */,
				3C5BB2071CC788FA00A8F593 /* EMCDDeviceManager+Media.h */,
				3C5BB2081CC788FA00A8F593 /* EMCDDeviceManager+Media.m */,
				3C5BB2091CC788FA00A8F593 /* EMCDDeviceManager+Microphone.h */,
				3C5BB20A1CC788FA00A8F593 /* EMCDDeviceManager+Microphone.m */,
				3C5BB20B1CC788FA00A8F593 /* EMCDDeviceManager+ProximitySensor.h */,
				3C5BB20C1CC788FA00A8F593 /* EMCDDeviceManager+ProximitySensor.m */,
				3C5BB20D1CC788FA00A8F593 /* EMCDDeviceManager+Remind.h */,
				3C5BB20E1CC788FA00A8F593 /* EMCDDeviceManager+Remind.m */,
				3C5BB20F1CC788FA00A8F593 /* EMCDDeviceManager.h */,
				3C5BB2101CC788FA00A8F593 /* EMCDDeviceManagerBase.h */,
				3C5BB2111CC788FA00A8F593 /* EMCDDeviceManagerBase.m */,
			);
			path = internal;
			sourceTree = "<group>";
		};
		3C5BB2121CC788FA00A8F593 /* VoiceConvert */ = {
			isa = PBXGroup;
			children = (
				3C5BB2131CC788FA00A8F593 /* amrwapper */,
				3C5BB2181CC788FA00A8F593 /* EMVoiceConverter.h */,
				3C5BB2191CC788FA00A8F593 /* EMVoiceConverter.mm */,
				3C5BB21A1CC788FA00A8F593 /* opencore-amrnb */,
				3C5BB21E1CC788FA00A8F593 /* opencore-amrwb */,
			);
			path = VoiceConvert;
			sourceTree = "<group>";
		};
		3C5BB2131CC788FA00A8F593 /* amrwapper */ = {
			isa = PBXGroup;
			children = (
				3C5BB2141CC788FA00A8F593 /* amrFileCodec.h */,
				3C5BB2151CC788FA00A8F593 /* amrFileCodec.mm */,
				3C5BB2161CC788FA00A8F593 /* wav.h */,
				3C5BB2171CC788FA00A8F593 /* wav.mm */,
			);
			path = amrwapper;
			sourceTree = "<group>";
		};
		3C5BB21A1CC788FA00A8F593 /* opencore-amrnb */ = {
			isa = PBXGroup;
			children = (
				3C5BB21B1CC788FA00A8F593 /* interf_dec.h */,
				3C5BB21C1CC788FA00A8F593 /* interf_enc.h */,
				3C5BB21D1CC788FA00A8F593 /* libopencore-amrnb.a */,
			);
			path = "opencore-amrnb";
			sourceTree = "<group>";
		};
		3C5BB21E1CC788FA00A8F593 /* opencore-amrwb */ = {
			isa = PBXGroup;
			children = (
				3C5BB21F1CC788FA00A8F593 /* dec_if.h */,
				3C5BB2201CC788FA00A8F593 /* if_rom.h */,
				3C5BB2211CC788FA00A8F593 /* libopencore-amrwb.a */,
			);
			path = "opencore-amrwb";
			sourceTree = "<group>";
		};
		3C5BB2221CC788FA00A8F593 /* HyphenateSDK */ = {
			isa = PBXGroup;
			children = (
				3C040DF41D080CAD0071C537 /* include */,
				3C040E1B1D080CAD0071C537 /* lib */,
			);
			path = HyphenateSDK;
			sourceTree = "<group>";
		};
		422C69361B2BB29C0036730B /* engineHeader */ = {
			isa = PBXGroup;
			children = (
				422C69381B2BB29C0036730B /* EUExBaseDefine.h */,
				422C69391B2BB29C0036730B /* EUtility.h */,
				422C693A1B2BB29C0036730B /* WidgetOneDelegate.h */,
			);
			path = engineHeader;
			sourceTree = "<group>";
		};
		422C693B1B2BB29C0036730B /* sourceCode */ = {
			isa = PBXGroup;
			children = (
				21ED04F21D19387500D8D9C5 /* AppCanKit.framework */,
				3C5BB1FD1CC788FA00A8F593 /* DeviceUtil */,
				3C5BB2221CC788FA00A8F593 /* HyphenateSDK */,
				422C69BF1B2BB4390036730B /* EUExEasemob_PrefixHeader.pch */,
				422C69AC1B2BB29C0036730B /* JSON */,
				422C69BC1B2BB3E60036730B /* uexEasemobManager.h */,
				422C69BD1B2BB3E60036730B /* uexEasemobManager.m */,
			);
			path = sourceCode;
			sourceTree = "<group>";
		};
		422C69AC1B2BB29C0036730B /* JSON */ = {
			isa = PBXGroup;
			children = (
				422C69AD1B2BB29C0036730B /* JSON.h */,
				422C69AE1B2BB29C0036730B /* JSONParser.h */,
				422C69AF1B2BB29C0036730B /* NSObject+SBJSON.h */,
				422C69B01B2BB29C0036730B /* NSString+SBJSON.h */,
				422C69B11B2BB29C0036730B /* SBJSON.h */,
				422C69B21B2BB29C0036730B /* SBJsonBase.h */,
				422C69B31B2BB29C0036730B /* SBJsonParser.h */,
				422C69B41B2BB29C0036730B /* SBJsonWriter.h */,
			);
			path = JSON;
			sourceTree = "<group>";
		};
		4230D7B91B2B846C00BB8D7B = {
			isa = PBXGroup;
			children = (
				4230D7C41B2B846C00BB8D7B /* EUExEasemob */,
				4230D7C31B2B846C00BB8D7B /* Products */,
			);
			sourceTree = "<group>";
		};
		4230D7C31B2B846C00BB8D7B /* Products */ = {
			isa = PBXGroup;
			children = (
				4230D7C21B2B846C00BB8D7B /* libuexEasemob.a */,
			);
			name = Products;
			sourceTree = "<group>";
		};
		4230D7C41B2B846C00BB8D7B /* EUExEasemob */ = {
			isa = PBXGroup;
			children = (
				422C69361B2BB29C0036730B /* engineHeader */,
				422C693B1B2BB29C0036730B /* sourceCode */,
				4230D7C51B2B846C00BB8D7B /* EUExEasemob.h */,
				4230D7C71B2B846C00BB8D7B /* EUExEasemob.m */,
			);
			path = EUExEasemob;
			sourceTree = "<group>";
		};
/* End PBXGroup section */

/* Begin PBXNativeTarget section */
		4230D7C11B2B846C00BB8D7B /* EUExEasemob */ = {
			isa = PBXNativeTarget;
			buildConfigurationList = 4230D7D61B2B846C00BB8D7B /* Build configuration list for PBXNativeTarget "EUExEasemob" */;
			buildPhases = (
				4230D7BE1B2B846C00BB8D7B /* Sources */,
				4230D7BF1B2B846C00BB8D7B /* Frameworks */,
				4230D7C01B2B846C00BB8D7B /* CopyFiles */,
			);
			buildRules = (
			);
			dependencies = (
			);
			name = EUExEasemob;
			productName = EUExEasemob;
			productReference = 4230D7C21B2B846C00BB8D7B /* libuexEasemob.a */;
			productType = "com.apple.product-type.library.static";
		};
/* End PBXNativeTarget section */

/* Begin PBXProject section */
		4230D7BA1B2B846C00BB8D7B /* Project object */ = {
			isa = PBXProject;
			attributes = {
				LastUpgradeCheck = 0720;
				ORGANIZATIONNAME = AppCan;
				TargetAttributes = {
					4230D7C11B2B846C00BB8D7B = {
						CreatedOnToolsVersion = 6.3.2;
					};
				};
			};
			buildConfigurationList = 4230D7BD1B2B846C00BB8D7B /* Build configuration list for PBXProject "EUExEasemob" */;
			compatibilityVersion = "Xcode 3.2";
			developmentRegion = English;
			hasScannedForEncodings = 0;
			knownRegions = (
				en,
			);
			mainGroup = 4230D7B91B2B846C00BB8D7B;
			productRefGroup = 4230D7C31B2B846C00BB8D7B /* Products */;
			projectDirPath = "";
			projectRoot = "";
			targets = (
				4230D7C11B2B846C00BB8D7B /* EUExEasemob */,
			);
		};
/* End PBXProject section */

/* Begin PBXSourcesBuildPhase section */
		4230D7BE1B2B846C00BB8D7B /* Sources */ = {
			isa = PBXSourcesBuildPhase;
			buildActionMask = 2147483647;
			files = (
				3C5BB2521CC788FA00A8F593 /* EMCDDeviceManagerBase.m in Sources */,
				3C5BB2501CC788FA00A8F593 /* EMCDDeviceManager+ProximitySensor.m in Sources */,
				3C5BB24F1CC788FA00A8F593 /* EMCDDeviceManager+Microphone.m in Sources */,
				3C5BB24E1CC788FA00A8F593 /* EMCDDeviceManager+Media.m in Sources */,
				3C5BB2511CC788FA00A8F593 /* EMCDDeviceManager+Remind.m in Sources */,
				3C5BB2541CC788FA00A8F593 /* wav.mm in Sources */,
				3C5BB24D1CC788FA00A8F593 /* EMAudioRecorderUtil.m in Sources */,
				3C5BB2551CC788FA00A8F593 /* EMVoiceConverter.mm in Sources */,
				422C69BE1B2BB3E60036730B /* uexEasemobManager.m in Sources */,
				3C5BB24C1CC788FA00A8F593 /* EMAudioPlayerUtil.m in Sources */,
				4230D7C81B2B846C00BB8D7B /* EUExEasemob.m in Sources */,
				3C5BB2531CC788FA00A8F593 /* amrFileCodec.mm in Sources */,
			);
			runOnlyForDeploymentPostprocessing = 0;
		};
/* End PBXSourcesBuildPhase section */

/* Begin XCBuildConfiguration section */
		4230D7D41B2B846C00BB8D7B /* Debug */ = {
			isa = XCBuildConfiguration;
			buildSettings = {
				ALWAYS_SEARCH_USER_PATHS = NO;
				CLANG_CXX_LANGUAGE_STANDARD = "gnu++0x";
				CLANG_CXX_LIBRARY = "libc++";
				CLANG_ENABLE_MODULES = YES;
				CLANG_ENABLE_OBJC_ARC = YES;
				CLANG_WARN_BOOL_CONVERSION = YES;
				CLANG_WARN_CONSTANT_CONVERSION = YES;
				CLANG_WARN_DIRECT_OBJC_ISA_USAGE = YES_ERROR;
				CLANG_WARN_EMPTY_BODY = YES;
				CLANG_WARN_ENUM_CONVERSION = YES;
				CLANG_WARN_INT_CONVERSION = YES;
				CLANG_WARN_OBJC_ROOT_CLASS = YES_ERROR;
				CLANG_WARN_UNREACHABLE_CODE = YES;
				CLANG_WARN__DUPLICATE_METHOD_MATCH = YES;
				COPY_PHASE_STRIP = NO;
				DEBUG_INFORMATION_FORMAT = "dwarf-with-dsym";
				ENABLE_STRICT_OBJC_MSGSEND = YES;
				GCC_C_LANGUAGE_STANDARD = gnu99;
				GCC_DYNAMIC_NO_PIC = NO;
				GCC_NO_COMMON_BLOCKS = YES;
				GCC_OPTIMIZATION_LEVEL = 0;
				GCC_PREPROCESSOR_DEFINITIONS = (
					"DEBUG=1",
					"$(inherited)",
				);
				GCC_SYMBOLS_PRIVATE_EXTERN = NO;
				GCC_WARN_64_TO_32_BIT_CONVERSION = YES;
				GCC_WARN_ABOUT_RETURN_TYPE = YES_ERROR;
				GCC_WARN_UNDECLARED_SELECTOR = YES;
				GCC_WARN_UNINITIALIZED_AUTOS = YES_AGGRESSIVE;
				GCC_WARN_UNUSED_FUNCTION = YES;
				GCC_WARN_UNUSED_VARIABLE = YES;
				IPHONEOS_DEPLOYMENT_TARGET = 7.0;
				MTL_ENABLE_DEBUG_INFO = YES;
				ONLY_ACTIVE_ARCH = YES;
				SDKROOT = iphoneos;
			};
			name = Debug;
		};
		4230D7D51B2B846C00BB8D7B /* Release */ = {
			isa = XCBuildConfiguration;
			buildSettings = {
				ALWAYS_SEARCH_USER_PATHS = NO;
				CLANG_CXX_LANGUAGE_STANDARD = "gnu++0x";
				CLANG_CXX_LIBRARY = "libc++";
				CLANG_ENABLE_MODULES = YES;
				CLANG_ENABLE_OBJC_ARC = YES;
				CLANG_WARN_BOOL_CONVERSION = YES;
				CLANG_WARN_CONSTANT_CONVERSION = YES;
				CLANG_WARN_DIRECT_OBJC_ISA_USAGE = YES_ERROR;
				CLANG_WARN_EMPTY_BODY = YES;
				CLANG_WARN_ENUM_CONVERSION = YES;
				CLANG_WARN_INT_CONVERSION = YES;
				CLANG_WARN_OBJC_ROOT_CLASS = YES_ERROR;
				CLANG_WARN_UNREACHABLE_CODE = YES;
				CLANG_WARN__DUPLICATE_METHOD_MATCH = YES;
				COPY_PHASE_STRIP = NO;
				DEBUG_INFORMATION_FORMAT = "dwarf-with-dsym";
				ENABLE_NS_ASSERTIONS = NO;
				ENABLE_STRICT_OBJC_MSGSEND = YES;
				GCC_C_LANGUAGE_STANDARD = gnu99;
				GCC_NO_COMMON_BLOCKS = YES;
				GCC_WARN_64_TO_32_BIT_CONVERSION = YES;
				GCC_WARN_ABOUT_RETURN_TYPE = YES_ERROR;
				GCC_WARN_UNDECLARED_SELECTOR = YES;
				GCC_WARN_UNINITIALIZED_AUTOS = YES_AGGRESSIVE;
				GCC_WARN_UNUSED_FUNCTION = YES;
				GCC_WARN_UNUSED_VARIABLE = YES;
				IPHONEOS_DEPLOYMENT_TARGET = 7.0;
				MTL_ENABLE_DEBUG_INFO = NO;
				SDKROOT = iphoneos;
				VALIDATE_PRODUCT = YES;
			};
			name = Release;
		};
		4230D7D71B2B846C00BB8D7B /* Debug */ = {
			isa = XCBuildConfiguration;
			buildSettings = {
				CONFIGURATION_BUILD_DIR = $SRCROOT/uexEasemob;
				FRAMEWORK_SEARCH_PATHS = (
					"$(inherited)",
					"$(PROJECT_DIR)/EUExEasemob/sourceCode",
				);
				GCC_PRECOMPILE_PREFIX_HEADER = YES;
				GCC_PREFIX_HEADER = $SRCROOT/EUExEasemob/sourceCode/EUExEasemob_PrefixHeader.pch;
				IPHONEOS_DEPLOYMENT_TARGET = 7.0;
				LIBRARY_SEARCH_PATHS = (
					"$(inherited)",
					"$(PROJECT_DIR)/EUExEasemob/sourceCode/HyphenateSDK/lib",
					"$(PROJECT_DIR)/EUExEasemob/sourceCode/DeviceUtil/VoiceConvert/opencore-amrnb",
					"$(PROJECT_DIR)/EUExEasemob/sourceCode/DeviceUtil/VoiceConvert/opencore-amrwb",
					"$(PROJECT_DIR)/EUExEasemob/sourceCode/HyphenateSDK/lib/3rdparty",
				);
				ONLY_ACTIVE_ARCH = NO;
				OTHER_LDFLAGS = "-ObjC";
				PRODUCT_NAME = uexEasemob;
				SKIP_INSTALL = YES;
			};
			name = Debug;
		};
		4230D7D81B2B846C00BB8D7B /* Release */ = {
			isa = XCBuildConfiguration;
			buildSettings = {
				CONFIGURATION_BUILD_DIR = $SRCROOT/uexEasemob;
				FRAMEWORK_SEARCH_PATHS = (
					"$(inherited)",
					"$(PROJECT_DIR)/EUExEasemob/sourceCode",
				);
				GCC_PRECOMPILE_PREFIX_HEADER = YES;
				GCC_PREFIX_HEADER = $SRCROOT/EUExEasemob/sourceCode/EUExEasemob_PrefixHeader.pch;
				IPHONEOS_DEPLOYMENT_TARGET = 7.0;
				LIBRARY_SEARCH_PATHS = (
					"$(inherited)",
					"$(PROJECT_DIR)/EUExEasemob/sourceCode/HyphenateSDK/lib",
					"$(PROJECT_DIR)/EUExEasemob/sourceCode/DeviceUtil/VoiceConvert/opencore-amrnb",
					"$(PROJECT_DIR)/EUExEasemob/sourceCode/DeviceUtil/VoiceConvert/opencore-amrwb",
					"$(PROJECT_DIR)/EUExEasemob/sourceCode/HyphenateSDK/lib/3rdparty",
				);
				ONLY_ACTIVE_ARCH = NO;
				OTHER_LDFLAGS = "-ObjC";
				PRODUCT_NAME = uexEasemob;
				SKIP_INSTALL = YES;
			};
			name = Release;
		};
/* End XCBuildConfiguration section */

/* Begin XCConfigurationList section */
		4230D7BD1B2B846C00BB8D7B /* Build configuration list for PBXProject "EUExEasemob" */ = {
			isa = XCConfigurationList;
			buildConfigurations = (
				4230D7D41B2B846C00BB8D7B /* Debug */,
				4230D7D51B2B846C00BB8D7B /* Release */,
			);
			defaultConfigurationIsVisible = 0;
			defaultConfigurationName = Release;
		};
		4230D7D61B2B846C00BB8D7B /* Build configuration list for PBXNativeTarget "EUExEasemob" */ = {
			isa = XCConfigurationList;
			buildConfigurations = (
				4230D7D71B2B846C00BB8D7B /* Debug */,
				4230D7D81B2B846C00BB8D7B /* Release */,
			);
			defaultConfigurationIsVisible = 0;
			defaultConfigurationName = Release;
		};
/* End XCConfigurationList section */
	};
	rootObject = 4230D7BA1B2B846C00BB8D7B /* Project object */;
}
