// !$*UTF8*$!
{
	archiveVersion = 1;
	classes = {
	};
	objectVersion = 46;
	objects = {

/* Begin PBXBuildFile section */
		422C69BE1B2BB3E60036730B /* uexEasemobManager.m in Sources */ = {isa = PBXBuildFile; fileRef = 422C69BD1B2BB3E60036730B /* uexEasemobManager.m */; };
		4230D7C81B2B846C00BB8D7B /* EUExEasemob.m in Sources */ = {isa = PBXBuildFile; fileRef = 4230D7C71B2B846C00BB8D7B /* EUExEasemob.m */; };
		42772B271BE07FC6009DC9ED /* libEaseMobClientSDK_arm64.a in Frameworks */ = {isa = PBXBuildFile; fileRef = 42772B231BE07FC6009DC9ED /* libEaseMobClientSDK_arm64.a */; };
		42772B281BE07FC6009DC9ED /* libEaseMobClientSDK_armv7.a in Frameworks */ = {isa = PBXBuildFile; fileRef = 42772B241BE07FC6009DC9ED /* libEaseMobClientSDK_armv7.a */; };
		42772B291BE07FC6009DC9ED /* libEaseMobClientSDK_i386.a in Frameworks */ = {isa = PBXBuildFile; fileRef = 42772B251BE07FC6009DC9ED /* libEaseMobClientSDK_i386.a */; };
		42772B2A1BE07FC6009DC9ED /* libEaseMobClientSDK_x86_64.a in Frameworks */ = {isa = PBXBuildFile; fileRef = 42772B261BE07FC6009DC9ED /* libEaseMobClientSDK_x86_64.a */; };
		42772B2B1BE07FF8009DC9ED /* EaseMob.bundle in CopyFiles */ = {isa = PBXBuildFile; fileRef = 42772B201BE07E9C009DC9ED /* EaseMob.bundle */; };
		C6E0EA631B2FF5C400E179F3 /* EMAudioPlayerUtil.m in Sources */ = {isa = PBXBuildFile; fileRef = C6E0EA551B2FF5C400E179F3 /* EMAudioPlayerUtil.m */; };
		C6E0EA641B2FF5C400E179F3 /* EMAudioRecorderUtil.m in Sources */ = {isa = PBXBuildFile; fileRef = C6E0EA571B2FF5C400E179F3 /* EMAudioRecorderUtil.m */; };
		C6E0EA651B2FF5C400E179F3 /* EMCDDeviceManager+Media.m in Sources */ = {isa = PBXBuildFile; fileRef = C6E0EA591B2FF5C400E179F3 /* EMCDDeviceManager+Media.m */; };
		C6E0EA661B2FF5C400E179F3 /* EMCDDeviceManager+Microphone.m in Sources */ = {isa = PBXBuildFile; fileRef = C6E0EA5B1B2FF5C400E179F3 /* EMCDDeviceManager+Microphone.m */; };
		C6E0EA671B2FF5C400E179F3 /* EMCDDeviceManager+ProximitySensor.m in Sources */ = {isa = PBXBuildFile; fileRef = C6E0EA5D1B2FF5C400E179F3 /* EMCDDeviceManager+ProximitySensor.m */; };
		C6E0EA681B2FF5C400E179F3 /* EMCDDeviceManager+Remind.m in Sources */ = {isa = PBXBuildFile; fileRef = C6E0EA5F1B2FF5C400E179F3 /* EMCDDeviceManager+Remind.m */; };
		C6E0EA691B2FF5C400E179F3 /* EMCDDeviceManagerBase.m in Sources */ = {isa = PBXBuildFile; fileRef = C6E0EA621B2FF5C400E179F3 /* EMCDDeviceManagerBase.m */; };
		C6E0EA7A1B2FFA6B00E179F3 /* amrFileCodec.mm in Sources */ = {isa = PBXBuildFile; fileRef = C6E0EA6D1B2FFA6B00E179F3 /* amrFileCodec.mm */; };
		C6E0EA7B1B2FFA6B00E179F3 /* wav.mm in Sources */ = {isa = PBXBuildFile; fileRef = C6E0EA6F1B2FFA6B00E179F3 /* wav.mm */; };
		C6E0EA7C1B2FFA6B00E179F3 /* EMVoiceConverter.mm in Sources */ = {isa = PBXBuildFile; fileRef = C6E0EA711B2FFA6B00E179F3 /* EMVoiceConverter.mm */; };
		C6E0EA7D1B2FFA6B00E179F3 /* libopencore-amrnb.a in Frameworks */ = {isa = PBXBuildFile; fileRef = C6E0EA751B2FFA6B00E179F3 /* libopencore-amrnb.a */; };
		C6E0EA7E1B2FFA6B00E179F3 /* libopencore-amrwb.a in Frameworks */ = {isa = PBXBuildFile; fileRef = C6E0EA791B2FFA6B00E179F3 /* libopencore-amrwb.a */; };
/* End PBXBuildFile section */

/* Begin PBXCopyFilesBuildPhase section */
		4230D7C01B2B846C00BB8D7B /* CopyFiles */ = {
			isa = PBXCopyFilesBuildPhase;
			buildActionMask = 12;
			dstPath = "";
			dstSubfolderSpec = 16;
			files = (
				42772B2B1BE07FF8009DC9ED /* EaseMob.bundle in CopyFiles */,
			);
			runOnlyForDeploymentPostprocessing = 0;
		};
/* End PBXCopyFilesBuildPhase section */

/* Begin PBXFileReference section */
		422C69371B2BB29C0036730B /* EUExBase.h */ = {isa = PBXFileReference; fileEncoding = 4; lastKnownFileType = sourcecode.c.h; path = EUExBase.h; sourceTree = "<group>"; };
		422C69381B2BB29C0036730B /* EUExBaseDefine.h */ = {isa = PBXFileReference; fileEncoding = 4; lastKnownFileType = sourcecode.c.h; path = EUExBaseDefine.h; sourceTree = "<group>"; };
		422C69391B2BB29C0036730B /* EUtility.h */ = {isa = PBXFileReference; fileEncoding = 4; lastKnownFileType = sourcecode.c.h; path = EUtility.h; sourceTree = "<group>"; };
		422C693A1B2BB29C0036730B /* WidgetOneDelegate.h */ = {isa = PBXFileReference; fileEncoding = 4; lastKnownFileType = sourcecode.c.h; path = WidgetOneDelegate.h; sourceTree = "<group>"; };
		422C69AD1B2BB29C0036730B /* JSON.h */ = {isa = PBXFileReference; fileEncoding = 4; lastKnownFileType = sourcecode.c.h; path = JSON.h; sourceTree = "<group>"; };
		422C69AE1B2BB29C0036730B /* JSONParser.h */ = {isa = PBXFileReference; fileEncoding = 4; lastKnownFileType = sourcecode.c.h; path = JSONParser.h; sourceTree = "<group>"; };
		422C69AF1B2BB29C0036730B /* NSObject+SBJSON.h */ = {isa = PBXFileReference; fileEncoding = 4; lastKnownFileType = sourcecode.c.h; path = "NSObject+SBJSON.h"; sourceTree = "<group>"; };
		422C69B01B2BB29C0036730B /* NSString+SBJSON.h */ = {isa = PBXFileReference; fileEncoding = 4; lastKnownFileType = sourcecode.c.h; path = "NSString+SBJSON.h"; sourceTree = "<group>"; };
		422C69B11B2BB29C0036730B /* SBJSON.h */ = {isa = PBXFileReference; fileEncoding = 4; lastKnownFileType = sourcecode.c.h; path = SBJSON.h; sourceTree = "<group>"; };
		422C69B21B2BB29C0036730B /* SBJsonBase.h */ = {isa = PBXFileReference; fileEncoding = 4; lastKnownFileType = sourcecode.c.h; path = SBJsonBase.h; sourceTree = "<group>"; };
		422C69B31B2BB29C0036730B /* SBJsonParser.h */ = {isa = PBXFileReference; fileEncoding = 4; lastKnownFileType = sourcecode.c.h; path = SBJsonParser.h; sourceTree = "<group>"; };
		422C69B41B2BB29C0036730B /* SBJsonWriter.h */ = {isa = PBXFileReference; fileEncoding = 4; lastKnownFileType = sourcecode.c.h; path = SBJsonWriter.h; sourceTree = "<group>"; };
		422C69BC1B2BB3E60036730B /* uexEasemobManager.h */ = {isa = PBXFileReference; fileEncoding = 4; lastKnownFileType = sourcecode.c.h; path = uexEasemobManager.h; sourceTree = "<group>"; };
		422C69BD1B2BB3E60036730B /* uexEasemobManager.m */ = {isa = PBXFileReference; fileEncoding = 4; lastKnownFileType = sourcecode.c.objc; path = uexEasemobManager.m; sourceTree = "<group>"; };
		422C69BF1B2BB4390036730B /* EUExEasemob_PrefixHeader.pch */ = {isa = PBXFileReference; fileEncoding = 4; lastKnownFileType = sourcecode.c.h; path = EUExEasemob_PrefixHeader.pch; sourceTree = "<group>"; };
		4230D7C21B2B846C00BB8D7B /* libuexEasemob.a */ = {isa = PBXFileReference; explicitFileType = archive.ar; includeInIndex = 0; path = libuexEasemob.a; sourceTree = BUILT_PRODUCTS_DIR; };
		4230D7C51B2B846C00BB8D7B /* EUExEasemob.h */ = {isa = PBXFileReference; lastKnownFileType = sourcecode.c.h; path = EUExEasemob.h; sourceTree = "<group>"; };
		4230D7C71B2B846C00BB8D7B /* EUExEasemob.m */ = {isa = PBXFileReference; lastKnownFileType = sourcecode.c.objc; path = EUExEasemob.m; sourceTree = "<group>"; };
		42772AB81BE07E9C009DC9ED /* EMCallManagerCallDelegate.h */ = {isa = PBXFileReference; fileEncoding = 4; lastKnownFileType = sourcecode.c.h; path = EMCallManagerCallDelegate.h; sourceTree = "<group>"; };
		42772AB91BE07E9C009DC9ED /* EMCallManagerDelegate.h */ = {isa = PBXFileReference; fileEncoding = 4; lastKnownFileType = sourcecode.c.h; path = EMCallManagerDelegate.h; sourceTree = "<group>"; };
		42772ABA1BE07E9C009DC9ED /* EaseMob+CallService.h */ = {isa = PBXFileReference; fileEncoding = 4; lastKnownFileType = sourcecode.c.h; path = "EaseMob+CallService.h"; sourceTree = "<group>"; };
		42772ABB1BE07E9C009DC9ED /* EMCallServiceDefs.h */ = {isa = PBXFileReference; fileEncoding = 4; lastKnownFileType = sourcecode.c.h; path = EMCallServiceDefs.h; sourceTree = "<group>"; };
		42772ABC1BE07E9C009DC9ED /* ICallManager.h */ = {isa = PBXFileReference; fileEncoding = 4; lastKnownFileType = sourcecode.c.h; path = ICallManager.h; sourceTree = "<group>"; };
		42772ABE1BE07E9C009DC9ED /* ICallManagerBase.h */ = {isa = PBXFileReference; fileEncoding = 4; lastKnownFileType = sourcecode.c.h; path = ICallManagerBase.h; sourceTree = "<group>"; };
		42772ABF1BE07E9C009DC9ED /* ICallManagerCall.h */ = {isa = PBXFileReference; fileEncoding = 4; lastKnownFileType = sourcecode.c.h; path = ICallManagerCall.h; sourceTree = "<group>"; };
		42772AC11BE07E9C009DC9ED /* EMCallSession.h */ = {isa = PBXFileReference; fileEncoding = 4; lastKnownFileType = sourcecode.c.h; path = EMCallSession.h; sourceTree = "<group>"; };
		42772AC21BE07E9C009DC9ED /* IOpenGLView.h */ = {isa = PBXFileReference; fileEncoding = 4; lastKnownFileType = sourcecode.c.h; path = IOpenGLView.h; sourceTree = "<group>"; };
		42772AC31BE07E9C009DC9ED /* OpenGLView20.h */ = {isa = PBXFileReference; fileEncoding = 4; lastKnownFileType = sourcecode.c.h; path = OpenGLView20.h; sourceTree = "<group>"; };
		42772AC71BE07E9C009DC9ED /* IChatManagerDelegate.h */ = {isa = PBXFileReference; fileEncoding = 4; lastKnownFileType = sourcecode.c.h; path = IChatManagerDelegate.h; sourceTree = "<group>"; };
		42772AC91BE07E9C009DC9ED /* EMChatManagerBuddyDelegate.h */ = {isa = PBXFileReference; fileEncoding = 4; lastKnownFileType = sourcecode.c.h; path = EMChatManagerBuddyDelegate.h; sourceTree = "<group>"; };
		42772ACA1BE07E9C009DC9ED /* EMChatManagerChatDelegate.h */ = {isa = PBXFileReference; fileEncoding = 4; lastKnownFileType = sourcecode.c.h; path = EMChatManagerChatDelegate.h; sourceTree = "<group>"; };
		42772ACB1BE07E9C009DC9ED /* EMChatManagerChatroomDelegate.h */ = {isa = PBXFileReference; fileEncoding = 4; lastKnownFileType = sourcecode.c.h; path = EMChatManagerChatroomDelegate.h; sourceTree = "<group>"; };
		42772ACC1BE07E9C009DC9ED /* EMChatManagerDelegate.h */ = {isa = PBXFileReference; fileEncoding = 4; lastKnownFileType = sourcecode.c.h; path = EMChatManagerDelegate.h; sourceTree = "<group>"; };
		42772ACD1BE07E9C009DC9ED /* EMChatManagerDelegateBase.h */ = {isa = PBXFileReference; fileEncoding = 4; lastKnownFileType = sourcecode.c.h; path = EMChatManagerDelegateBase.h; sourceTree = "<group>"; };
		42772ACE1BE07E9C009DC9ED /* EMChatManagerEncryptionDelegate.h */ = {isa = PBXFileReference; fileEncoding = 4; lastKnownFileType = sourcecode.c.h; path = EMChatManagerEncryptionDelegate.h; sourceTree = "<group>"; };
		42772ACF1BE07E9C009DC9ED /* EMChatManagerGroupDelegate.h */ = {isa = PBXFileReference; fileEncoding = 4; lastKnownFileType = sourcecode.c.h; path = EMChatManagerGroupDelegate.h; sourceTree = "<group>"; };
		42772AD01BE07E9C009DC9ED /* EMChatManagerLoginDelegate.h */ = {isa = PBXFileReference; fileEncoding = 4; lastKnownFileType = sourcecode.c.h; path = EMChatManagerLoginDelegate.h; sourceTree = "<group>"; };
		42772AD11BE07E9C009DC9ED /* EMChatManagerPushNotificationDelegate.h */ = {isa = PBXFileReference; fileEncoding = 4; lastKnownFileType = sourcecode.c.h; path = EMChatManagerPushNotificationDelegate.h; sourceTree = "<group>"; };
		42772AD21BE07E9C009DC9ED /* EMChatManagerUtilDelegate.h */ = {isa = PBXFileReference; fileEncoding = 4; lastKnownFileType = sourcecode.c.h; path = EMChatManagerUtilDelegate.h; sourceTree = "<group>"; };
		42772AD31BE07E9C009DC9ED /* EMChatManagerDefs.h */ = {isa = PBXFileReference; fileEncoding = 4; lastKnownFileType = sourcecode.c.h; path = EMChatManagerDefs.h; sourceTree = "<group>"; };
		42772AD41BE07E9C009DC9ED /* EMGroupManagerDefs.h */ = {isa = PBXFileReference; fileEncoding = 4; lastKnownFileType = sourcecode.c.h; path = EMGroupManagerDefs.h; sourceTree = "<group>"; };
		42772AD51BE07E9C009DC9ED /* EMPushManagerDefs.h */ = {isa = PBXFileReference; fileEncoding = 4; lastKnownFileType = sourcecode.c.h; path = EMPushManagerDefs.h; sourceTree = "<group>"; };
		42772AD61BE07E9C009DC9ED /* IChatManager.h */ = {isa = PBXFileReference; fileEncoding = 4; lastKnownFileType = sourcecode.c.h; path = IChatManager.h; sourceTree = "<group>"; };
		42772AD81BE07E9C009DC9ED /* IChatManagerBase.h */ = {isa = PBXFileReference; fileEncoding = 4; lastKnownFileType = sourcecode.c.h; path = IChatManagerBase.h; sourceTree = "<group>"; };
		42772AD91BE07E9C009DC9ED /* IChatManagerBuddy.h */ = {isa = PBXFileReference; fileEncoding = 4; lastKnownFileType = sourcecode.c.h; path = IChatManagerBuddy.h; sourceTree = "<group>"; };
		42772ADA1BE07E9C009DC9ED /* IChatManagerChat.h */ = {isa = PBXFileReference; fileEncoding = 4; lastKnownFileType = sourcecode.c.h; path = IChatManagerChat.h; sourceTree = "<group>"; };
		42772ADB1BE07E9C009DC9ED /* IChatManagerChatroom.h */ = {isa = PBXFileReference; fileEncoding = 4; lastKnownFileType = sourcecode.c.h; path = IChatManagerChatroom.h; sourceTree = "<group>"; };
		42772ADC1BE07E9C009DC9ED /* IChatManagerConversation.h */ = {isa = PBXFileReference; fileEncoding = 4; lastKnownFileType = sourcecode.c.h; path = IChatManagerConversation.h; sourceTree = "<group>"; };
		42772ADD1BE07E9C009DC9ED /* IChatManagerEncryption.h */ = {isa = PBXFileReference; fileEncoding = 4; lastKnownFileType = sourcecode.c.h; path = IChatManagerEncryption.h; sourceTree = "<group>"; };
		42772ADE1BE07E9C009DC9ED /* IChatManagerGroup.h */ = {isa = PBXFileReference; fileEncoding = 4; lastKnownFileType = sourcecode.c.h; path = IChatManagerGroup.h; sourceTree = "<group>"; };
		42772ADF1BE07E9C009DC9ED /* IChatManagerLogin.h */ = {isa = PBXFileReference; fileEncoding = 4; lastKnownFileType = sourcecode.c.h; path = IChatManagerLogin.h; sourceTree = "<group>"; };
		42772AE01BE07E9C009DC9ED /* IChatManagerPushNotification.h */ = {isa = PBXFileReference; fileEncoding = 4; lastKnownFileType = sourcecode.c.h; path = IChatManagerPushNotification.h; sourceTree = "<group>"; };
		42772AE11BE07E9C009DC9ED /* IChatManagerRobot.h */ = {isa = PBXFileReference; fileEncoding = 4; lastKnownFileType = sourcecode.c.h; path = IChatManagerRobot.h; sourceTree = "<group>"; };
		42772AE21BE07E9C009DC9ED /* IChatManagerSettingOptions.h */ = {isa = PBXFileReference; fileEncoding = 4; lastKnownFileType = sourcecode.c.h; path = IChatManagerSettingOptions.h; sourceTree = "<group>"; };
		42772AE31BE07E9C009DC9ED /* IChatManagerUtil.h */ = {isa = PBXFileReference; fileEncoding = 4; lastKnownFileType = sourcecode.c.h; path = IChatManagerUtil.h; sourceTree = "<group>"; };
		42772AE51BE07E9C009DC9ED /* EMBuddy.h */ = {isa = PBXFileReference; fileEncoding = 4; lastKnownFileType = sourcecode.c.h; path = EMBuddy.h; sourceTree = "<group>"; };
		42772AE61BE07E9C009DC9ED /* EMChatCommand.h */ = {isa = PBXFileReference; fileEncoding = 4; lastKnownFileType = sourcecode.c.h; path = EMChatCommand.h; sourceTree = "<group>"; };
		42772AE71BE07E9C009DC9ED /* EMChatFile.h */ = {isa = PBXFileReference; fileEncoding = 4; lastKnownFileType = sourcecode.c.h; path = EMChatFile.h; sourceTree = "<group>"; };
		42772AE81BE07E9C009DC9ED /* EMChatImage.h */ = {isa = PBXFileReference; fileEncoding = 4; lastKnownFileType = sourcecode.c.h; path = EMChatImage.h; sourceTree = "<group>"; };
		42772AE91BE07E9C009DC9ED /* EMChatLocation.h */ = {isa = PBXFileReference; fileEncoding = 4; lastKnownFileType = sourcecode.c.h; path = EMChatLocation.h; sourceTree = "<group>"; };
		42772AEA1BE07E9C009DC9ED /* EMChatroom.h */ = {isa = PBXFileReference; fileEncoding = 4; lastKnownFileType = sourcecode.c.h; path = EMChatroom.h; sourceTree = "<group>"; };
		42772AEB1BE07E9C009DC9ED /* EMChatText.h */ = {isa = PBXFileReference; fileEncoding = 4; lastKnownFileType = sourcecode.c.h; path = EMChatText.h; sourceTree = "<group>"; };
		42772AEC1BE07E9C009DC9ED /* EMChatVideo.h */ = {isa = PBXFileReference; fileEncoding = 4; lastKnownFileType = sourcecode.c.h; path = EMChatVideo.h; sourceTree = "<group>"; };
		42772AED1BE07E9C009DC9ED /* EMChatVoice.h */ = {isa = PBXFileReference; fileEncoding = 4; lastKnownFileType = sourcecode.c.h; path = EMChatVoice.h; sourceTree = "<group>"; };
		42772AEE1BE07E9C009DC9ED /* EMCommandMessageBody.h */ = {isa = PBXFileReference; fileEncoding = 4; lastKnownFileType = sourcecode.c.h; path = EMCommandMessageBody.h; sourceTree = "<group>"; };
		42772AEF1BE07E9C009DC9ED /* EMConversation.h */ = {isa = PBXFileReference; fileEncoding = 4; lastKnownFileType = sourcecode.c.h; path = EMConversation.h; sourceTree = "<group>"; };
		42772AF01BE07E9C009DC9ED /* EMCursorResult.h */ = {isa = PBXFileReference; fileEncoding = 4; lastKnownFileType = sourcecode.c.h; path = EMCursorResult.h; sourceTree = "<group>"; };
		42772AF11BE07E9C009DC9ED /* EMFileMessageBody.h */ = {isa = PBXFileReference; fileEncoding = 4; lastKnownFileType = sourcecode.c.h; path = EMFileMessageBody.h; sourceTree = "<group>"; };
		42772AF21BE07E9C009DC9ED /* EMGroup.h */ = {isa = PBXFileReference; fileEncoding = 4; lastKnownFileType = sourcecode.c.h; path = EMGroup.h; sourceTree = "<group>"; };
		42772AF31BE07E9C009DC9ED /* EMGroupStyleSetting.h */ = {isa = PBXFileReference; fileEncoding = 4; lastKnownFileType = sourcecode.c.h; path = EMGroupStyleSetting.h; sourceTree = "<group>"; };
		42772AF41BE07E9C009DC9ED /* EMImageMessageBody.h */ = {isa = PBXFileReference; fileEncoding = 4; lastKnownFileType = sourcecode.c.h; path = EMImageMessageBody.h; sourceTree = "<group>"; };
		42772AF51BE07E9C009DC9ED /* EMLocationMessageBody.h */ = {isa = PBXFileReference; fileEncoding = 4; lastKnownFileType = sourcecode.c.h; path = EMLocationMessageBody.h; sourceTree = "<group>"; };
		42772AF61BE07E9C009DC9ED /* EMMessage.h */ = {isa = PBXFileReference; fileEncoding = 4; lastKnownFileType = sourcecode.c.h; path = EMMessage.h; sourceTree = "<group>"; };
		42772AF71BE07E9C009DC9ED /* EMPushNotificationOptions.h */ = {isa = PBXFileReference; fileEncoding = 4; lastKnownFileType = sourcecode.c.h; path = EMPushNotificationOptions.h; sourceTree = "<group>"; };
		42772AF81BE07E9C009DC9ED /* EMReceipt.h */ = {isa = PBXFileReference; fileEncoding = 4; lastKnownFileType = sourcecode.c.h; path = EMReceipt.h; sourceTree = "<group>"; };
		42772AF91BE07E9C009DC9ED /* EMReceiptBase.h */ = {isa = PBXFileReference; fileEncoding = 4; lastKnownFileType = sourcecode.c.h; path = EMReceiptBase.h; sourceTree = "<group>"; };
		42772AFA1BE07E9C009DC9ED /* EMRobot.h */ = {isa = PBXFileReference; fileEncoding = 4; lastKnownFileType = sourcecode.c.h; path = EMRobot.h; sourceTree = "<group>"; };
		42772AFB1BE07E9C009DC9ED /* EMTextMessageBody.h */ = {isa = PBXFileReference; fileEncoding = 4; lastKnownFileType = sourcecode.c.h; path = EMTextMessageBody.h; sourceTree = "<group>"; };
		42772AFC1BE07E9C009DC9ED /* EMVideoMessageBody.h */ = {isa = PBXFileReference; fileEncoding = 4; lastKnownFileType = sourcecode.c.h; path = EMVideoMessageBody.h; sourceTree = "<group>"; };
		42772AFD1BE07E9C009DC9ED /* EMVoiceMessageBody.h */ = {isa = PBXFileReference; fileEncoding = 4; lastKnownFileType = sourcecode.c.h; path = EMVoiceMessageBody.h; sourceTree = "<group>"; };
		42772AFE1BE07E9C009DC9ED /* IChatImageOptions.h */ = {isa = PBXFileReference; fileEncoding = 4; lastKnownFileType = sourcecode.c.h; path = IChatImageOptions.h; sourceTree = "<group>"; };
		42772AFF1BE07E9C009DC9ED /* IEMChatCryptor.h */ = {isa = PBXFileReference; fileEncoding = 4; lastKnownFileType = sourcecode.c.h; path = IEMChatCryptor.h; sourceTree = "<group>"; };
		42772B001BE07E9C009DC9ED /* IEMChatFile.h */ = {isa = PBXFileReference; fileEncoding = 4; lastKnownFileType = sourcecode.c.h; path = IEMChatFile.h; sourceTree = "<group>"; };
		42772B011BE07E9C009DC9ED /* IEMChatObject.h */ = {isa = PBXFileReference; fileEncoding = 4; lastKnownFileType = sourcecode.c.h; path = IEMChatObject.h; sourceTree = "<group>"; };
		42772B021BE07E9C009DC9ED /* IEMChatProgressDelegate.h */ = {isa = PBXFileReference; fileEncoding = 4; lastKnownFileType = sourcecode.c.h; path = IEMChatProgressDelegate.h; sourceTree = "<group>"; };
		42772B031BE07E9C009DC9ED /* IEMFileMessageBody.h */ = {isa = PBXFileReference; fileEncoding = 4; lastKnownFileType = sourcecode.c.h; path = IEMFileMessageBody.h; sourceTree = "<group>"; };
		42772B041BE07E9C009DC9ED /* IEMMessageBody.h */ = {isa = PBXFileReference; fileEncoding = 4; lastKnownFileType = sourcecode.c.h; path = IEMMessageBody.h; sourceTree = "<group>"; };
		42772B061BE07E9C009DC9ED /* EaseMob.h */ = {isa = PBXFileReference; fileEncoding = 4; lastKnownFileType = sourcecode.c.h; path = EaseMob.h; sourceTree = "<group>"; };
		42772B071BE07E9C009DC9ED /* EaseMobHeaders.h */ = {isa = PBXFileReference; fileEncoding = 4; lastKnownFileType = sourcecode.c.h; path = EaseMobHeaders.h; sourceTree = "<group>"; };
		42772B091BE07E9C009DC9ED /* EaseMob.h */ = {isa = PBXFileReference; fileEncoding = 4; lastKnownFileType = sourcecode.c.h; path = EaseMob.h; sourceTree = "<group>"; };
		42772B0A1BE07E9C009DC9ED /* EaseMobHeaders.h */ = {isa = PBXFileReference; fileEncoding = 4; lastKnownFileType = sourcecode.c.h; path = EaseMobHeaders.h; sourceTree = "<group>"; };
		42772B0C1BE07E9C009DC9ED /* commonDefs.h */ = {isa = PBXFileReference; fileEncoding = 4; lastKnownFileType = sourcecode.c.h; path = commonDefs.h; sourceTree = "<group>"; };
		42772B0F1BE07E9C009DC9ED /* IDeviceManagerDelegate.h */ = {isa = PBXFileReference; fileEncoding = 4; lastKnownFileType = sourcecode.c.h; path = IDeviceManagerDelegate.h; sourceTree = "<group>"; };
		42772B111BE07E9C009DC9ED /* EMDeviceManagerDelegate.h */ = {isa = PBXFileReference; fileEncoding = 4; lastKnownFileType = sourcecode.c.h; path = EMDeviceManagerDelegate.h; sourceTree = "<group>"; };
		42772B121BE07E9C009DC9ED /* EMDeviceManagerDelegateBase.h */ = {isa = PBXFileReference; fileEncoding = 4; lastKnownFileType = sourcecode.c.h; path = EMDeviceManagerDelegateBase.h; sourceTree = "<group>"; };
		42772B131BE07E9C009DC9ED /* EMDeviceManagerNetworkDelegate.h */ = {isa = PBXFileReference; fileEncoding = 4; lastKnownFileType = sourcecode.c.h; path = EMDeviceManagerNetworkDelegate.h; sourceTree = "<group>"; };
		42772B141BE07E9C009DC9ED /* EMDeviceManagerDefs.h */ = {isa = PBXFileReference; fileEncoding = 4; lastKnownFileType = sourcecode.c.h; path = EMDeviceManagerDefs.h; sourceTree = "<group>"; };
		42772B151BE07E9C009DC9ED /* IDeviceManager.h */ = {isa = PBXFileReference; fileEncoding = 4; lastKnownFileType = sourcecode.c.h; path = IDeviceManager.h; sourceTree = "<group>"; };
		42772B171BE07E9C009DC9ED /* IDeviceManagerBase.h */ = {isa = PBXFileReference; fileEncoding = 4; lastKnownFileType = sourcecode.c.h; path = IDeviceManagerBase.h; sourceTree = "<group>"; };
		42772B181BE07E9C009DC9ED /* EMNetworkMonitorDefs.h */ = {isa = PBXFileReference; fileEncoding = 4; lastKnownFileType = sourcecode.c.h; path = EMNetworkMonitorDefs.h; sourceTree = "<group>"; };
		42772B1A1BE07E9C009DC9ED /* EMError.h */ = {isa = PBXFileReference; fileEncoding = 4; lastKnownFileType = sourcecode.c.h; path = EMError.h; sourceTree = "<group>"; };
		42772B1B1BE07E9C009DC9ED /* EMErrorDefs.h */ = {isa = PBXFileReference; fileEncoding = 4; lastKnownFileType = sourcecode.c.h; path = EMErrorDefs.h; sourceTree = "<group>"; };
		42772B201BE07E9C009DC9ED /* EaseMob.bundle */ = {isa = PBXFileReference; lastKnownFileType = "wrapper.plug-in"; path = EaseMob.bundle; sourceTree = "<group>"; };
		42772B231BE07FC6009DC9ED /* libEaseMobClientSDK_arm64.a */ = {isa = PBXFileReference; lastKnownFileType = archive.ar; path = libEaseMobClientSDK_arm64.a; sourceTree = "<group>"; };
		42772B241BE07FC6009DC9ED /* libEaseMobClientSDK_armv7.a */ = {isa = PBXFileReference; lastKnownFileType = archive.ar; path = libEaseMobClientSDK_armv7.a; sourceTree = "<group>"; };
		42772B251BE07FC6009DC9ED /* libEaseMobClientSDK_i386.a */ = {isa = PBXFileReference; lastKnownFileType = archive.ar; path = libEaseMobClientSDK_i386.a; sourceTree = "<group>"; };
		42772B261BE07FC6009DC9ED /* libEaseMobClientSDK_x86_64.a */ = {isa = PBXFileReference; lastKnownFileType = archive.ar; path = libEaseMobClientSDK_x86_64.a; sourceTree = "<group>"; };
		C6E0EA511B2FF5C400E179F3 /* EMCDDeviceManagerDelegate.h */ = {isa = PBXFileReference; fileEncoding = 4; lastKnownFileType = sourcecode.c.h; path = EMCDDeviceManagerDelegate.h; sourceTree = "<group>"; };
		C6E0EA521B2FF5C400E179F3 /* EMCDDeviceManagerProximitySensorDelegate.h */ = {isa = PBXFileReference; fileEncoding = 4; lastKnownFileType = sourcecode.c.h; path = EMCDDeviceManagerProximitySensorDelegate.h; sourceTree = "<group>"; };
		C6E0EA541B2FF5C400E179F3 /* EMAudioPlayerUtil.h */ = {isa = PBXFileReference; fileEncoding = 4; lastKnownFileType = sourcecode.c.h; path = EMAudioPlayerUtil.h; sourceTree = "<group>"; };
		C6E0EA551B2FF5C400E179F3 /* EMAudioPlayerUtil.m */ = {isa = PBXFileReference; fileEncoding = 4; lastKnownFileType = sourcecode.c.objc; path = EMAudioPlayerUtil.m; sourceTree = "<group>"; };
		C6E0EA561B2FF5C400E179F3 /* EMAudioRecorderUtil.h */ = {isa = PBXFileReference; fileEncoding = 4; lastKnownFileType = sourcecode.c.h; path = EMAudioRecorderUtil.h; sourceTree = "<group>"; };
		C6E0EA571B2FF5C400E179F3 /* EMAudioRecorderUtil.m */ = {isa = PBXFileReference; fileEncoding = 4; lastKnownFileType = sourcecode.c.objc; path = EMAudioRecorderUtil.m; sourceTree = "<group>"; };
		C6E0EA581B2FF5C400E179F3 /* EMCDDeviceManager+Media.h */ = {isa = PBXFileReference; fileEncoding = 4; lastKnownFileType = sourcecode.c.h; path = "EMCDDeviceManager+Media.h"; sourceTree = "<group>"; };
		C6E0EA591B2FF5C400E179F3 /* EMCDDeviceManager+Media.m */ = {isa = PBXFileReference; fileEncoding = 4; lastKnownFileType = sourcecode.c.objc; path = "EMCDDeviceManager+Media.m"; sourceTree = "<group>"; };
		C6E0EA5A1B2FF5C400E179F3 /* EMCDDeviceManager+Microphone.h */ = {isa = PBXFileReference; fileEncoding = 4; lastKnownFileType = sourcecode.c.h; path = "EMCDDeviceManager+Microphone.h"; sourceTree = "<group>"; };
		C6E0EA5B1B2FF5C400E179F3 /* EMCDDeviceManager+Microphone.m */ = {isa = PBXFileReference; fileEncoding = 4; lastKnownFileType = sourcecode.c.objc; path = "EMCDDeviceManager+Microphone.m"; sourceTree = "<group>"; };
		C6E0EA5C1B2FF5C400E179F3 /* EMCDDeviceManager+ProximitySensor.h */ = {isa = PBXFileReference; fileEncoding = 4; lastKnownFileType = sourcecode.c.h; path = "EMCDDeviceManager+ProximitySensor.h"; sourceTree = "<group>"; };
		C6E0EA5D1B2FF5C400E179F3 /* EMCDDeviceManager+ProximitySensor.m */ = {isa = PBXFileReference; fileEncoding = 4; lastKnownFileType = sourcecode.c.objc; path = "EMCDDeviceManager+ProximitySensor.m"; sourceTree = "<group>"; };
		C6E0EA5E1B2FF5C400E179F3 /* EMCDDeviceManager+Remind.h */ = {isa = PBXFileReference; fileEncoding = 4; lastKnownFileType = sourcecode.c.h; path = "EMCDDeviceManager+Remind.h"; sourceTree = "<group>"; };
		C6E0EA5F1B2FF5C400E179F3 /* EMCDDeviceManager+Remind.m */ = {isa = PBXFileReference; fileEncoding = 4; lastKnownFileType = sourcecode.c.objc; path = "EMCDDeviceManager+Remind.m"; sourceTree = "<group>"; };
		C6E0EA601B2FF5C400E179F3 /* EMCDDeviceManager.h */ = {isa = PBXFileReference; fileEncoding = 4; lastKnownFileType = sourcecode.c.h; path = EMCDDeviceManager.h; sourceTree = "<group>"; };
		C6E0EA611B2FF5C400E179F3 /* EMCDDeviceManagerBase.h */ = {isa = PBXFileReference; fileEncoding = 4; lastKnownFileType = sourcecode.c.h; path = EMCDDeviceManagerBase.h; sourceTree = "<group>"; };
		C6E0EA621B2FF5C400E179F3 /* EMCDDeviceManagerBase.m */ = {isa = PBXFileReference; fileEncoding = 4; lastKnownFileType = sourcecode.c.objc; path = EMCDDeviceManagerBase.m; sourceTree = "<group>"; };
		C6E0EA6C1B2FFA6B00E179F3 /* amrFileCodec.h */ = {isa = PBXFileReference; fileEncoding = 4; lastKnownFileType = sourcecode.c.h; path = amrFileCodec.h; sourceTree = "<group>"; };
		C6E0EA6D1B2FFA6B00E179F3 /* amrFileCodec.mm */ = {isa = PBXFileReference; fileEncoding = 4; lastKnownFileType = sourcecode.cpp.objcpp; path = amrFileCodec.mm; sourceTree = "<group>"; };
		C6E0EA6E1B2FFA6B00E179F3 /* wav.h */ = {isa = PBXFileReference; fileEncoding = 4; lastKnownFileType = sourcecode.c.h; path = wav.h; sourceTree = "<group>"; };
		C6E0EA6F1B2FFA6B00E179F3 /* wav.mm */ = {isa = PBXFileReference; fileEncoding = 4; lastKnownFileType = sourcecode.cpp.objcpp; path = wav.mm; sourceTree = "<group>"; };
		C6E0EA701B2FFA6B00E179F3 /* EMVoiceConverter.h */ = {isa = PBXFileReference; fileEncoding = 4; lastKnownFileType = sourcecode.c.h; path = EMVoiceConverter.h; sourceTree = "<group>"; };
		C6E0EA711B2FFA6B00E179F3 /* EMVoiceConverter.mm */ = {isa = PBXFileReference; fileEncoding = 4; lastKnownFileType = sourcecode.cpp.objcpp; path = EMVoiceConverter.mm; sourceTree = "<group>"; };
		C6E0EA731B2FFA6B00E179F3 /* interf_dec.h */ = {isa = PBXFileReference; fileEncoding = 4; lastKnownFileType = sourcecode.c.h; path = interf_dec.h; sourceTree = "<group>"; };
		C6E0EA741B2FFA6B00E179F3 /* interf_enc.h */ = {isa = PBXFileReference; fileEncoding = 4; lastKnownFileType = sourcecode.c.h; path = interf_enc.h; sourceTree = "<group>"; };
		C6E0EA751B2FFA6B00E179F3 /* libopencore-amrnb.a */ = {isa = PBXFileReference; lastKnownFileType = archive.ar; path = "libopencore-amrnb.a"; sourceTree = "<group>"; };
		C6E0EA771B2FFA6B00E179F3 /* dec_if.h */ = {isa = PBXFileReference; fileEncoding = 4; lastKnownFileType = sourcecode.c.h; path = dec_if.h; sourceTree = "<group>"; };
		C6E0EA781B2FFA6B00E179F3 /* if_rom.h */ = {isa = PBXFileReference; fileEncoding = 4; lastKnownFileType = sourcecode.c.h; path = if_rom.h; sourceTree = "<group>"; };
		C6E0EA791B2FFA6B00E179F3 /* libopencore-amrwb.a */ = {isa = PBXFileReference; lastKnownFileType = archive.ar; path = "libopencore-amrwb.a"; sourceTree = "<group>"; };
/* End PBXFileReference section */

/* Begin PBXFrameworksBuildPhase section */
		4230D7BF1B2B846C00BB8D7B /* Frameworks */ = {
			isa = PBXFrameworksBuildPhase;
			buildActionMask = 2147483647;
			files = (
				42772B291BE07FC6009DC9ED /* libEaseMobClientSDK_i386.a in Frameworks */,
				42772B2A1BE07FC6009DC9ED /* libEaseMobClientSDK_x86_64.a in Frameworks */,
				42772B271BE07FC6009DC9ED /* libEaseMobClientSDK_arm64.a in Frameworks */,
				C6E0EA7D1B2FFA6B00E179F3 /* libopencore-amrnb.a in Frameworks */,
				42772B281BE07FC6009DC9ED /* libEaseMobClientSDK_armv7.a in Frameworks */,
				C6E0EA7E1B2FFA6B00E179F3 /* libopencore-amrwb.a in Frameworks */,
			);
			runOnlyForDeploymentPostprocessing = 0;
		};
/* End PBXFrameworksBuildPhase section */

/* Begin PBXGroup section */
		422C69361B2BB29C0036730B /* engineHeader */ = {
			isa = PBXGroup;
			children = (
				422C69371B2BB29C0036730B /* EUExBase.h */,
				422C69381B2BB29C0036730B /* EUExBaseDefine.h */,
				422C69391B2BB29C0036730B /* EUtility.h */,
				422C693A1B2BB29C0036730B /* WidgetOneDelegate.h */,
			);
			path = engineHeader;
			sourceTree = "<group>";
		};
		422C693B1B2BB29C0036730B /* sourceCode */ = {
			isa = PBXGroup;
			children = (
				42772AB31BE07E9C009DC9ED /* EaseMobSDK */,
				C6E0EA4F1B2FF5C400E179F3 /* DeviceUtil */,
				422C69BF1B2BB4390036730B /* EUExEasemob_PrefixHeader.pch */,
				422C69AC1B2BB29C0036730B /* JSON */,
				422C69BC1B2BB3E60036730B /* uexEasemobManager.h */,
				422C69BD1B2BB3E60036730B /* uexEasemobManager.m */,
			);
			path = sourceCode;
			sourceTree = "<group>";
		};
		422C69AC1B2BB29C0036730B /* JSON */ = {
			isa = PBXGroup;
			children = (
				422C69AD1B2BB29C0036730B /* JSON.h */,
				422C69AE1B2BB29C0036730B /* JSONParser.h */,
				422C69AF1B2BB29C0036730B /* NSObject+SBJSON.h */,
				422C69B01B2BB29C0036730B /* NSString+SBJSON.h */,
				422C69B11B2BB29C0036730B /* SBJSON.h */,
				422C69B21B2BB29C0036730B /* SBJsonBase.h */,
				422C69B31B2BB29C0036730B /* SBJsonParser.h */,
				422C69B41B2BB29C0036730B /* SBJsonWriter.h */,
			);
			path = JSON;
			sourceTree = "<group>";
		};
		4230D7B91B2B846C00BB8D7B = {
			isa = PBXGroup;
			children = (
				4230D7C41B2B846C00BB8D7B /* EUExEasemob */,
				4230D7C31B2B846C00BB8D7B /* Products */,
			);
			sourceTree = "<group>";
		};
		4230D7C31B2B846C00BB8D7B /* Products */ = {
			isa = PBXGroup;
			children = (
				4230D7C21B2B846C00BB8D7B /* libuexEasemob.a */,
			);
			name = Products;
			sourceTree = "<group>";
		};
		4230D7C41B2B846C00BB8D7B /* EUExEasemob */ = {
			isa = PBXGroup;
			children = (
				422C69361B2BB29C0036730B /* engineHeader */,
				422C693B1B2BB29C0036730B /* sourceCode */,
				4230D7C51B2B846C00BB8D7B /* EUExEasemob.h */,
				4230D7C71B2B846C00BB8D7B /* EUExEasemob.m */,
			);
			path = EUExEasemob;
			sourceTree = "<group>";
		};
		42772AB31BE07E9C009DC9ED /* EaseMobSDK */ = {
			isa = PBXGroup;
			children = (
				42772AB41BE07E9C009DC9ED /* include */,
				42772B1C1BE07E9C009DC9ED /* lib */,
				42772B1F1BE07E9C009DC9ED /* resources */,
			);
			path = EaseMobSDK;
			sourceTree = "<group>";
		};
		42772AB41BE07E9C009DC9ED /* include */ = {
			isa = PBXGroup;
			children = (
				42772AB51BE07E9C009DC9ED /* CallService */,
				42772AC41BE07E9C009DC9ED /* ChatService */,
				42772B051BE07E9C009DC9ED /* EaseMobClientSDK */,
				42772B081BE07E9C009DC9ED /* EaseMobClientSDKLite */,
				42772B0B1BE07E9C009DC9ED /* Utility */,
			);
			path = include;
			sourceTree = "<group>";
		};
		42772AB51BE07E9C009DC9ED /* CallService */ = {
			isa = PBXGroup;
			children = (
				42772AB61BE07E9C009DC9ED /* EMCallManager */,
			);
			path = CallService;
			sourceTree = "<group>";
		};
		42772AB61BE07E9C009DC9ED /* EMCallManager */ = {
			isa = PBXGroup;
			children = (
				42772AB71BE07E9C009DC9ED /* delegates */,
				42772ABA1BE07E9C009DC9ED /* EaseMob+CallService.h */,
				42772ABB1BE07E9C009DC9ED /* EMCallServiceDefs.h */,
				42772ABC1BE07E9C009DC9ED /* ICallManager.h */,
				42772ABD1BE07E9C009DC9ED /* internal */,
				42772AC01BE07E9C009DC9ED /* types */,
			);
			path = EMCallManager;
			sourceTree = "<group>";
		};
		42772AB71BE07E9C009DC9ED /* delegates */ = {
			isa = PBXGroup;
			children = (
				42772AB81BE07E9C009DC9ED /* EMCallManagerCallDelegate.h */,
				42772AB91BE07E9C009DC9ED /* EMCallManagerDelegate.h */,
			);
			path = delegates;
			sourceTree = "<group>";
		};
		42772ABD1BE07E9C009DC9ED /* internal */ = {
			isa = PBXGroup;
			children = (
				42772ABE1BE07E9C009DC9ED /* ICallManagerBase.h */,
				42772ABF1BE07E9C009DC9ED /* ICallManagerCall.h */,
			);
			path = internal;
			sourceTree = "<group>";
		};
		42772AC01BE07E9C009DC9ED /* types */ = {
			isa = PBXGroup;
			children = (
				42772AC11BE07E9C009DC9ED /* EMCallSession.h */,
				42772AC21BE07E9C009DC9ED /* IOpenGLView.h */,
				42772AC31BE07E9C009DC9ED /* OpenGLView20.h */,
			);
			path = types;
			sourceTree = "<group>";
		};
		42772AC41BE07E9C009DC9ED /* ChatService */ = {
			isa = PBXGroup;
			children = (
				42772AC51BE07E9C009DC9ED /* EMChatManager */,
			);
			path = ChatService;
			sourceTree = "<group>";
		};
		42772AC51BE07E9C009DC9ED /* EMChatManager */ = {
			isa = PBXGroup;
			children = (
				42772AC61BE07E9C009DC9ED /* delegates */,
				42772AD31BE07E9C009DC9ED /* EMChatManagerDefs.h */,
				42772AD41BE07E9C009DC9ED /* EMGroupManagerDefs.h */,
				42772AD51BE07E9C009DC9ED /* EMPushManagerDefs.h */,
				42772AD61BE07E9C009DC9ED /* IChatManager.h */,
				42772AD71BE07E9C009DC9ED /* internal */,
				42772AE41BE07E9C009DC9ED /* types */,
			);
			path = EMChatManager;
			sourceTree = "<group>";
		};
		42772AC61BE07E9C009DC9ED /* delegates */ = {
			isa = PBXGroup;
			children = (
				42772AC71BE07E9C009DC9ED /* IChatManagerDelegate.h */,
				42772AC81BE07E9C009DC9ED /* internal */,
			);
			path = delegates;
			sourceTree = "<group>";
		};
		42772AC81BE07E9C009DC9ED /* internal */ = {
			isa = PBXGroup;
			children = (
				42772AC91BE07E9C009DC9ED /* EMChatManagerBuddyDelegate.h */,
				42772ACA1BE07E9C009DC9ED /* EMChatManagerChatDelegate.h */,
				42772ACB1BE07E9C009DC9ED /* EMChatManagerChatroomDelegate.h */,
				42772ACC1BE07E9C009DC9ED /* EMChatManagerDelegate.h */,
				42772ACD1BE07E9C009DC9ED /* EMChatManagerDelegateBase.h */,
				42772ACE1BE07E9C009DC9ED /* EMChatManagerEncryptionDelegate.h */,
				42772ACF1BE07E9C009DC9ED /* EMChatManagerGroupDelegate.h */,
				42772AD01BE07E9C009DC9ED /* EMChatManagerLoginDelegate.h */,
				42772AD11BE07E9C009DC9ED /* EMChatManagerPushNotificationDelegate.h */,
				42772AD21BE07E9C009DC9ED /* EMChatManagerUtilDelegate.h */,
			);
			path = internal;
			sourceTree = "<group>";
		};
		42772AD71BE07E9C009DC9ED /* internal */ = {
			isa = PBXGroup;
			children = (
				42772AD81BE07E9C009DC9ED /* IChatManagerBase.h */,
				42772AD91BE07E9C009DC9ED /* IChatManagerBuddy.h */,
				42772ADA1BE07E9C009DC9ED /* IChatManagerChat.h */,
				42772ADB1BE07E9C009DC9ED /* IChatManagerChatroom.h */,
				42772ADC1BE07E9C009DC9ED /* IChatManagerConversation.h */,
				42772ADD1BE07E9C009DC9ED /* IChatManagerEncryption.h */,
				42772ADE1BE07E9C009DC9ED /* IChatManagerGroup.h */,
				42772ADF1BE07E9C009DC9ED /* IChatManagerLogin.h */,
				42772AE01BE07E9C009DC9ED /* IChatManagerPushNotification.h */,
				42772AE11BE07E9C009DC9ED /* IChatManagerRobot.h */,
				42772AE21BE07E9C009DC9ED /* IChatManagerSettingOptions.h */,
				42772AE31BE07E9C009DC9ED /* IChatManagerUtil.h */,
			);
			path = internal;
			sourceTree = "<group>";
		};
		42772AE41BE07E9C009DC9ED /* types */ = {
			isa = PBXGroup;
			children = (
				42772AE51BE07E9C009DC9ED /* EMBuddy.h */,
				42772AE61BE07E9C009DC9ED /* EMChatCommand.h */,
				42772AE71BE07E9C009DC9ED /* EMChatFile.h */,
				42772AE81BE07E9C009DC9ED /* EMChatImage.h */,
				42772AE91BE07E9C009DC9ED /* EMChatLocation.h */,
				42772AEA1BE07E9C009DC9ED /* EMChatroom.h */,
				42772AEB1BE07E9C009DC9ED /* EMChatText.h */,
				42772AEC1BE07E9C009DC9ED /* EMChatVideo.h */,
				42772AED1BE07E9C009DC9ED /* EMChatVoice.h */,
				42772AEE1BE07E9C009DC9ED /* EMCommandMessageBody.h */,
				42772AEF1BE07E9C009DC9ED /* EMConversation.h */,
				42772AF01BE07E9C009DC9ED /* EMCursorResult.h */,
				42772AF11BE07E9C009DC9ED /* EMFileMessageBody.h */,
				42772AF21BE07E9C009DC9ED /* EMGroup.h */,
				42772AF31BE07E9C009DC9ED /* EMGroupStyleSetting.h */,
				42772AF41BE07E9C009DC9ED /* EMImageMessageBody.h */,
				42772AF51BE07E9C009DC9ED /* EMLocationMessageBody.h */,
				42772AF61BE07E9C009DC9ED /* EMMessage.h */,
				42772AF71BE07E9C009DC9ED /* EMPushNotificationOptions.h */,
				42772AF81BE07E9C009DC9ED /* EMReceipt.h */,
				42772AF91BE07E9C009DC9ED /* EMReceiptBase.h */,
				42772AFA1BE07E9C009DC9ED /* EMRobot.h */,
				42772AFB1BE07E9C009DC9ED /* EMTextMessageBody.h */,
				42772AFC1BE07E9C009DC9ED /* EMVideoMessageBody.h */,
				42772AFD1BE07E9C009DC9ED /* EMVoiceMessageBody.h */,
				42772AFE1BE07E9C009DC9ED /* IChatImageOptions.h */,
				42772AFF1BE07E9C009DC9ED /* IEMChatCryptor.h */,
				42772B001BE07E9C009DC9ED /* IEMChatFile.h */,
				42772B011BE07E9C009DC9ED /* IEMChatObject.h */,
				42772B021BE07E9C009DC9ED /* IEMChatProgressDelegate.h */,
				42772B031BE07E9C009DC9ED /* IEMFileMessageBody.h */,
				42772B041BE07E9C009DC9ED /* IEMMessageBody.h */,
			);
			path = types;
			sourceTree = "<group>";
		};
		42772B051BE07E9C009DC9ED /* EaseMobClientSDK */ = {
			isa = PBXGroup;
			children = (
				42772B061BE07E9C009DC9ED /* EaseMob.h */,
				42772B071BE07E9C009DC9ED /* EaseMobHeaders.h */,
			);
			path = EaseMobClientSDK;
			sourceTree = "<group>";
		};
		42772B081BE07E9C009DC9ED /* EaseMobClientSDKLite */ = {
			isa = PBXGroup;
			children = (
				42772B091BE07E9C009DC9ED /* EaseMob.h */,
				42772B0A1BE07E9C009DC9ED /* EaseMobHeaders.h */,
			);
			path = EaseMobClientSDKLite;
			sourceTree = "<group>";
		};
		42772B0B1BE07E9C009DC9ED /* Utility */ = {
			isa = PBXGroup;
			children = (
				42772B0C1BE07E9C009DC9ED /* commonDefs.h */,
				42772B0D1BE07E9C009DC9ED /* EMDeviceManager */,
				42772B181BE07E9C009DC9ED /* EMNetworkMonitorDefs.h */,
				42772B191BE07E9C009DC9ED /* ErrorManager */,
			);
			path = Utility;
			sourceTree = "<group>";
		};
		42772B0D1BE07E9C009DC9ED /* EMDeviceManager */ = {
			isa = PBXGroup;
			children = (
				42772B0E1BE07E9C009DC9ED /* delegates */,
				42772B141BE07E9C009DC9ED /* EMDeviceManagerDefs.h */,
				42772B151BE07E9C009DC9ED /* IDeviceManager.h */,
				42772B161BE07E9C009DC9ED /* internal */,
			);
			path = EMDeviceManager;
			sourceTree = "<group>";
		};
		42772B0E1BE07E9C009DC9ED /* delegates */ = {
			isa = PBXGroup;
			children = (
				42772B0F1BE07E9C009DC9ED /* IDeviceManagerDelegate.h */,
				42772B101BE07E9C009DC9ED /* internal */,
			);
			path = delegates;
			sourceTree = "<group>";
		};
		42772B101BE07E9C009DC9ED /* internal */ = {
			isa = PBXGroup;
			children = (
				42772B111BE07E9C009DC9ED /* EMDeviceManagerDelegate.h */,
				42772B121BE07E9C009DC9ED /* EMDeviceManagerDelegateBase.h */,
				42772B131BE07E9C009DC9ED /* EMDeviceManagerNetworkDelegate.h */,
			);
			path = internal;
			sourceTree = "<group>";
		};
		42772B161BE07E9C009DC9ED /* internal */ = {
			isa = PBXGroup;
			children = (
				42772B171BE07E9C009DC9ED /* IDeviceManagerBase.h */,
			);
			path = internal;
			sourceTree = "<group>";
		};
		42772B191BE07E9C009DC9ED /* ErrorManager */ = {
			isa = PBXGroup;
			children = (
				42772B1A1BE07E9C009DC9ED /* EMError.h */,
				42772B1B1BE07E9C009DC9ED /* EMErrorDefs.h */,
			);
			path = ErrorManager;
			sourceTree = "<group>";
		};
		42772B1C1BE07E9C009DC9ED /* lib */ = {
			isa = PBXGroup;
			children = (
				42772B231BE07FC6009DC9ED /* libEaseMobClientSDK_arm64.a */,
				42772B241BE07FC6009DC9ED /* libEaseMobClientSDK_armv7.a */,
				42772B251BE07FC6009DC9ED /* libEaseMobClientSDK_i386.a */,
				42772B261BE07FC6009DC9ED /* libEaseMobClientSDK_x86_64.a */,
			);
			path = lib;
			sourceTree = "<group>";
		};
		42772B1F1BE07E9C009DC9ED /* resources */ = {
			isa = PBXGroup;
			children = (
				42772B201BE07E9C009DC9ED /* EaseMob.bundle */,
			);
			path = resources;
			sourceTree = "<group>";
		};
		C6E0EA4F1B2FF5C400E179F3 /* DeviceUtil */ = {
			isa = PBXGroup;
			children = (
				C6E0EA6A1B2FFA6B00E179F3 /* VoiceConvert */,
				C6E0EA501B2FF5C400E179F3 /* delegates */,
				C6E0EA531B2FF5C400E179F3 /* internal */,
			);
			path = DeviceUtil;
			sourceTree = "<group>";
		};
		C6E0EA501B2FF5C400E179F3 /* delegates */ = {
			isa = PBXGroup;
			children = (
				C6E0EA511B2FF5C400E179F3 /* EMCDDeviceManagerDelegate.h */,
				C6E0EA521B2FF5C400E179F3 /* EMCDDeviceManagerProximitySensorDelegate.h */,
			);
			path = delegates;
			sourceTree = "<group>";
		};
		C6E0EA531B2FF5C400E179F3 /* internal */ = {
			isa = PBXGroup;
			children = (
				C6E0EA541B2FF5C400E179F3 /* EMAudioPlayerUtil.h */,
				C6E0EA551B2FF5C400E179F3 /* EMAudioPlayerUtil.m */,
				C6E0EA561B2FF5C400E179F3 /* EMAudioRecorderUtil.h */,
				C6E0EA571B2FF5C400E179F3 /* EMAudioRecorderUtil.m */,
				C6E0EA581B2FF5C400E179F3 /* EMCDDeviceManager+Media.h */,
				C6E0EA591B2FF5C400E179F3 /* EMCDDeviceManager+Media.m */,
				C6E0EA5A1B2FF5C400E179F3 /* EMCDDeviceManager+Microphone.h */,
				C6E0EA5B1B2FF5C400E179F3 /* EMCDDeviceManager+Microphone.m */,
				C6E0EA5C1B2FF5C400E179F3 /* EMCDDeviceManager+ProximitySensor.h */,
				C6E0EA5D1B2FF5C400E179F3 /* EMCDDeviceManager+ProximitySensor.m */,
				C6E0EA5E1B2FF5C400E179F3 /* EMCDDeviceManager+Remind.h */,
				C6E0EA5F1B2FF5C400E179F3 /* EMCDDeviceManager+Remind.m */,
				C6E0EA601B2FF5C400E179F3 /* EMCDDeviceManager.h */,
				C6E0EA611B2FF5C400E179F3 /* EMCDDeviceManagerBase.h */,
				C6E0EA621B2FF5C400E179F3 /* EMCDDeviceManagerBase.m */,
			);
			path = internal;
			sourceTree = "<group>";
		};
		C6E0EA6A1B2FFA6B00E179F3 /* VoiceConvert */ = {
			isa = PBXGroup;
			children = (
				C6E0EA6B1B2FFA6B00E179F3 /* amrwapper */,
				C6E0EA701B2FFA6B00E179F3 /* EMVoiceConverter.h */,
				C6E0EA711B2FFA6B00E179F3 /* EMVoiceConverter.mm */,
				C6E0EA721B2FFA6B00E179F3 /* opencore-amrnb */,
				C6E0EA761B2FFA6B00E179F3 /* opencore-amrwb */,
			);
			path = VoiceConvert;
			sourceTree = "<group>";
		};
		C6E0EA6B1B2FFA6B00E179F3 /* amrwapper */ = {
			isa = PBXGroup;
			children = (
				C6E0EA6C1B2FFA6B00E179F3 /* amrFileCodec.h */,
				C6E0EA6D1B2FFA6B00E179F3 /* amrFileCodec.mm */,
				C6E0EA6E1B2FFA6B00E179F3 /* wav.h */,
				C6E0EA6F1B2FFA6B00E179F3 /* wav.mm */,
			);
			path = amrwapper;
			sourceTree = "<group>";
		};
		C6E0EA721B2FFA6B00E179F3 /* opencore-amrnb */ = {
			isa = PBXGroup;
			children = (
				C6E0EA731B2FFA6B00E179F3 /* interf_dec.h */,
				C6E0EA741B2FFA6B00E179F3 /* interf_enc.h */,
				C6E0EA751B2FFA6B00E179F3 /* libopencore-amrnb.a */,
			);
			path = "opencore-amrnb";
			sourceTree = "<group>";
		};
		C6E0EA761B2FFA6B00E179F3 /* opencore-amrwb */ = {
			isa = PBXGroup;
			children = (
				C6E0EA771B2FFA6B00E179F3 /* dec_if.h */,
				C6E0EA781B2FFA6B00E179F3 /* if_rom.h */,
				C6E0EA791B2FFA6B00E179F3 /* libopencore-amrwb.a */,
			);
			path = "opencore-amrwb";
			sourceTree = "<group>";
		};
/* End PBXGroup section */

/* Begin PBXNativeTarget section */
		4230D7C11B2B846C00BB8D7B /* EUExEasemob */ = {
			isa = PBXNativeTarget;
			buildConfigurationList = 4230D7D61B2B846C00BB8D7B /* Build configuration list for PBXNativeTarget "EUExEasemob" */;
			buildPhases = (
				4230D7BE1B2B846C00BB8D7B /* Sources */,
				4230D7BF1B2B846C00BB8D7B /* Frameworks */,
				4230D7C01B2B846C00BB8D7B /* CopyFiles */,
			);
			buildRules = (
			);
			dependencies = (
			);
			name = EUExEasemob;
			productName = EUExEasemob;
			productReference = 4230D7C21B2B846C00BB8D7B /* libuexEasemob.a */;
			productType = "com.apple.product-type.library.static";
		};
/* End PBXNativeTarget section */

/* Begin PBXProject section */
		4230D7BA1B2B846C00BB8D7B /* Project object */ = {
			isa = PBXProject;
			attributes = {
				LastUpgradeCheck = 0720;
				ORGANIZATIONNAME = AppCan;
				TargetAttributes = {
					4230D7C11B2B846C00BB8D7B = {
						CreatedOnToolsVersion = 6.3.2;
					};
				};
			};
			buildConfigurationList = 4230D7BD1B2B846C00BB8D7B /* Build configuration list for PBXProject "EUExEasemob" */;
			compatibilityVersion = "Xcode 3.2";
			developmentRegion = English;
			hasScannedForEncodings = 0;
			knownRegions = (
				en,
			);
			mainGroup = 4230D7B91B2B846C00BB8D7B;
			productRefGroup = 4230D7C31B2B846C00BB8D7B /* Products */;
			projectDirPath = "";
			projectRoot = "";
			targets = (
				4230D7C11B2B846C00BB8D7B /* EUExEasemob */,
			);
		};
/* End PBXProject section */

/* Begin PBXSourcesBuildPhase section */
		4230D7BE1B2B846C00BB8D7B /* Sources */ = {
			isa = PBXSourcesBuildPhase;
			buildActionMask = 2147483647;
			files = (
				C6E0EA691B2FF5C400E179F3 /* EMCDDeviceManagerBase.m in Sources */,
				C6E0EA671B2FF5C400E179F3 /* EMCDDeviceManager+ProximitySensor.m in Sources */,
				C6E0EA661B2FF5C400E179F3 /* EMCDDeviceManager+Microphone.m in Sources */,
				C6E0EA651B2FF5C400E179F3 /* EMCDDeviceManager+Media.m in Sources */,
				C6E0EA681B2FF5C400E179F3 /* EMCDDeviceManager+Remind.m in Sources */,
				C6E0EA7B1B2FFA6B00E179F3 /* wav.mm in Sources */,
				C6E0EA641B2FF5C400E179F3 /* EMAudioRecorderUtil.m in Sources */,
				C6E0EA7C1B2FFA6B00E179F3 /* EMVoiceConverter.mm in Sources */,
				422C69BE1B2BB3E60036730B /* uexEasemobManager.m in Sources */,
				C6E0EA631B2FF5C400E179F3 /* EMAudioPlayerUtil.m in Sources */,
				4230D7C81B2B846C00BB8D7B /* EUExEasemob.m in Sources */,
				C6E0EA7A1B2FFA6B00E179F3 /* amrFileCodec.mm in Sources */,
			);
			runOnlyForDeploymentPostprocessing = 0;
		};
/* End PBXSourcesBuildPhase section */

/* Begin XCBuildConfiguration section */
		4230D7D41B2B846C00BB8D7B /* Debug */ = {
			isa = XCBuildConfiguration;
			buildSettings = {
				ALWAYS_SEARCH_USER_PATHS = NO;
				CLANG_CXX_LANGUAGE_STANDARD = "gnu++0x";
				CLANG_CXX_LIBRARY = "libc++";
				CLANG_ENABLE_MODULES = YES;
				CLANG_ENABLE_OBJC_ARC = YES;
				CLANG_WARN_BOOL_CONVERSION = YES;
				CLANG_WARN_CONSTANT_CONVERSION = YES;
				CLANG_WARN_DIRECT_OBJC_ISA_USAGE = YES_ERROR;
				CLANG_WARN_EMPTY_BODY = YES;
				CLANG_WARN_ENUM_CONVERSION = YES;
				CLANG_WARN_INT_CONVERSION = YES;
				CLANG_WARN_OBJC_ROOT_CLASS = YES_ERROR;
				CLANG_WARN_UNREACHABLE_CODE = YES;
				CLANG_WARN__DUPLICATE_METHOD_MATCH = YES;
				COPY_PHASE_STRIP = NO;
				DEBUG_INFORMATION_FORMAT = "dwarf-with-dsym";
				ENABLE_STRICT_OBJC_MSGSEND = YES;
				GCC_C_LANGUAGE_STANDARD = gnu99;
				GCC_DYNAMIC_NO_PIC = NO;
				GCC_NO_COMMON_BLOCKS = YES;
				GCC_OPTIMIZATION_LEVEL = 0;
				GCC_PREPROCESSOR_DEFINITIONS = (
					"DEBUG=1",
					"$(inherited)",
				);
				GCC_SYMBOLS_PRIVATE_EXTERN = NO;
				GCC_WARN_64_TO_32_BIT_CONVERSION = YES;
				GCC_WARN_ABOUT_RETURN_TYPE = YES_ERROR;
				GCC_WARN_UNDECLARED_SELECTOR = YES;
				GCC_WARN_UNINITIALIZED_AUTOS = YES_AGGRESSIVE;
				GCC_WARN_UNUSED_FUNCTION = YES;
				GCC_WARN_UNUSED_VARIABLE = YES;
				IPHONEOS_DEPLOYMENT_TARGET = 7.0;
				MTL_ENABLE_DEBUG_INFO = YES;
				ONLY_ACTIVE_ARCH = YES;
				SDKROOT = iphoneos;
			};
			name = Debug;
		};
		4230D7D51B2B846C00BB8D7B /* Release */ = {
			isa = XCBuildConfiguration;
			buildSettings = {
				ALWAYS_SEARCH_USER_PATHS = NO;
				CLANG_CXX_LANGUAGE_STANDARD = "gnu++0x";
				CLANG_CXX_LIBRARY = "libc++";
				CLANG_ENABLE_MODULES = YES;
				CLANG_ENABLE_OBJC_ARC = YES;
				CLANG_WARN_BOOL_CONVERSION = YES;
				CLANG_WARN_CONSTANT_CONVERSION = YES;
				CLANG_WARN_DIRECT_OBJC_ISA_USAGE = YES_ERROR;
				CLANG_WARN_EMPTY_BODY = YES;
				CLANG_WARN_ENUM_CONVERSION = YES;
				CLANG_WARN_INT_CONVERSION = YES;
				CLANG_WARN_OBJC_ROOT_CLASS = YES_ERROR;
				CLANG_WARN_UNREACHABLE_CODE = YES;
				CLANG_WARN__DUPLICATE_METHOD_MATCH = YES;
				COPY_PHASE_STRIP = NO;
				DEBUG_INFORMATION_FORMAT = "dwarf-with-dsym";
				ENABLE_NS_ASSERTIONS = NO;
				ENABLE_STRICT_OBJC_MSGSEND = YES;
				GCC_C_LANGUAGE_STANDARD = gnu99;
				GCC_NO_COMMON_BLOCKS = YES;
				GCC_WARN_64_TO_32_BIT_CONVERSION = YES;
				GCC_WARN_ABOUT_RETURN_TYPE = YES_ERROR;
				GCC_WARN_UNDECLARED_SELECTOR = YES;
				GCC_WARN_UNINITIALIZED_AUTOS = YES_AGGRESSIVE;
				GCC_WARN_UNUSED_FUNCTION = YES;
				GCC_WARN_UNUSED_VARIABLE = YES;
				IPHONEOS_DEPLOYMENT_TARGET = 7.0;
				MTL_ENABLE_DEBUG_INFO = NO;
				SDKROOT = iphoneos;
				VALIDATE_PRODUCT = YES;
			};
			name = Release;
		};
		4230D7D71B2B846C00BB8D7B /* Debug */ = {
			isa = XCBuildConfiguration;
			buildSettings = {
				CONFIGURATION_BUILD_DIR = $SRCROOT/uexEasemob;
				GCC_PRECOMPILE_PREFIX_HEADER = YES;
				GCC_PREFIX_HEADER = $SRCROOT/EUExEasemob/sourceCode/EUExEasemob_PrefixHeader.pch;
				IPHONEOS_DEPLOYMENT_TARGET = 7.0;
				LIBRARY_SEARCH_PATHS = (
					"$(inherited)",
					"$(PROJECT_DIR)/EUExEasemob/sourceCode/EaseMobSDK/lib",
					"$(PROJECT_DIR)/EUExEasemob/sourceCode/DeviceUtil/VoiceConvert/opencore-amrnb",
					"$(PROJECT_DIR)/EUExEasemob/sourceCode/DeviceUtil/VoiceConvert/opencore-amrwb",
				);
				ONLY_ACTIVE_ARCH = NO;
				OTHER_LDFLAGS = "-ObjC";
				PRODUCT_NAME = uexEasemob;
				SKIP_INSTALL = YES;
			};
			name = Debug;
		};
		4230D7D81B2B846C00BB8D7B /* Release */ = {
			isa = XCBuildConfiguration;
			buildSettings = {
				CONFIGURATION_BUILD_DIR = $SRCROOT/uexEasemob;
				GCC_PRECOMPILE_PREFIX_HEADER = YES;
				GCC_PREFIX_HEADER = $SRCROOT/EUExEasemob/sourceCode/EUExEasemob_PrefixHeader.pch;
				IPHONEOS_DEPLOYMENT_TARGET = 7.0;
				LIBRARY_SEARCH_PATHS = (
					"$(inherited)",
					"$(PROJECT_DIR)/EUExEasemob/sourceCode/EaseMobSDK/lib",
					"$(PROJECT_DIR)/EUExEasemob/sourceCode/DeviceUtil/VoiceConvert/opencore-amrnb",
					"$(PROJECT_DIR)/EUExEasemob/sourceCode/DeviceUtil/VoiceConvert/opencore-amrwb",
				);
				ONLY_ACTIVE_ARCH = NO;
				OTHER_LDFLAGS = "-ObjC";
				PRODUCT_NAME = uexEasemob;
				SKIP_INSTALL = YES;
			};
			name = Release;
		};
/* End XCBuildConfiguration section */

/* Begin XCConfigurationList section */
		4230D7BD1B2B846C00BB8D7B /* Build configuration list for PBXProject "EUExEasemob" */ = {
			isa = XCConfigurationList;
			buildConfigurations = (
				4230D7D41B2B846C00BB8D7B /* Debug */,
				4230D7D51B2B846C00BB8D7B /* Release */,
			);
			defaultConfigurationIsVisible = 0;
			defaultConfigurationName = Release;
		};
		4230D7D61B2B846C00BB8D7B /* Build configuration list for PBXNativeTarget "EUExEasemob" */ = {
			isa = XCConfigurationList;
			buildConfigurations = (
				4230D7D71B2B846C00BB8D7B /* Debug */,
				4230D7D81B2B846C00BB8D7B /* Release */,
			);
			defaultConfigurationIsVisible = 0;
			defaultConfigurationName = Release;
		};
/* End XCConfigurationList section */
	};
	rootObject = 4230D7BA1B2B846C00BB8D7B /* Project object */;
}
